{
  "version": 4,
  "terraform_version": "0.14.7",
  "serial": 743,
  "lineage": "fe6639a8-730d-3a99-0028-45f279459772",
  "outputs": {},
  "resources": [
    {
      "module": "module.vms",
      "mode": "data",
      "type": "template_file",
      "name": "vm_user_data",
      "provider": "provider[\"registry.terraform.io/hashicorp/template\"]",
      "instances": [
        {
          "index_key": "master-nfs",
          "schema_version": 0,
          "attributes": {
            "filename": null,
            "id": "78d9a84fd1e85f268dc9daf012a015d0a33f1cec6ca920315be3b8bc55f3e127",
            "rendered": "#!/bin/bash\nset -xe\n\n# Set hostname\nHOST_PREFIX=master-nfs\nsudo hostnamectl set-hostname $HOST_PREFIX.azure\n\nsudo hostname | tee /etc/hostname\n\n# Set timezone\nsudo timedatectl set-timezone Europe/Madrid\nsudo timedatectl set-ntp true\n\n# Disable SELinux\nsudo sed -i s/=enforcing/=disabled/g /etc/selinux/config\n",
            "template": "#!/bin/bash\nset -xe\n\n# Set hostname\nHOST_PREFIX=master-nfs\nsudo hostnamectl set-hostname $HOST_PREFIX.azure\n\nsudo hostname | tee /etc/hostname\n\n# Set timezone\nsudo timedatectl set-timezone Europe/Madrid\nsudo timedatectl set-ntp true\n\n# Disable SELinux\nsudo sed -i s/=enforcing/=disabled/g /etc/selinux/config\n",
            "vars": null
          },
          "sensitive_attributes": []
        },
        {
          "index_key": "worker01",
          "schema_version": 0,
          "attributes": {
            "filename": null,
            "id": "f214685ed8ae84bec41c18848de4eef6dd68ea2fb3dfdc3e15c8712b1b608cba",
            "rendered": "#!/bin/bash\nset -xe\n\n# Set hostname\nHOST_PREFIX=worker01\nsudo hostnamectl set-hostname $HOST_PREFIX.azure\n\nsudo hostname | tee /etc/hostname\n\n# Set timezone\nsudo timedatectl set-timezone Europe/Madrid\nsudo timedatectl set-ntp true\n\n# Disable SELinux\nsudo sed -i s/=enforcing/=disabled/g /etc/selinux/config\n",
            "template": "#!/bin/bash\nset -xe\n\n# Set hostname\nHOST_PREFIX=worker01\nsudo hostnamectl set-hostname $HOST_PREFIX.azure\n\nsudo hostname | tee /etc/hostname\n\n# Set timezone\nsudo timedatectl set-timezone Europe/Madrid\nsudo timedatectl set-ntp true\n\n# Disable SELinux\nsudo sed -i s/=enforcing/=disabled/g /etc/selinux/config\n",
            "vars": null
          },
          "sensitive_attributes": []
        }
      ]
    },
    {
      "module": "module.vms",
      "mode": "managed",
      "type": "azurerm_linux_virtual_machine",
      "name": "k8s_vm",
      "provider": "provider[\"registry.terraform.io/hashicorp/azurerm\"]",
      "instances": []
    },
    {
      "module": "module.vms",
      "mode": "managed",
      "type": "azurerm_network_interface_security_group_association",
      "name": "k8s_sec_association",
      "provider": "provider[\"registry.terraform.io/hashicorp/azurerm\"]",
      "instances": []
    },
    {
      "module": "module.vms",
      "mode": "managed",
      "type": "azurerm_network_security_group",
      "name": "k8s_sec_group",
      "provider": "provider[\"registry.terraform.io/hashicorp/azurerm\"]",
      "instances": [
        {
          "index_key": "master-nfs",
          "schema_version": 0,
          "attributes": {
            "id": "/subscriptions/3e1584ec-3cfd-4271-b796-b35a74744b77/resourceGroups/azure-k8s/providers/Microsoft.Network/networkSecurityGroups/k8s-master-nfs-sec-group",
            "location": "westeurope",
            "name": "k8s-master-nfs-sec-group",
            "resource_group_name": "azure-k8s",
            "security_rule": [],
            "tags": {
              "environment": "k8s-prod"
            },
            "timeouts": null
          },
          "sensitive_attributes": [],
          "private": "eyJlMmJmYjczMC1lY2FhLTExZTYtOGY4OC0zNDM2M2JjN2M0YzAiOnsiY3JlYXRlIjoxODAwMDAwMDAwMDAwLCJkZWxldGUiOjE4MDAwMDAwMDAwMDAsInJlYWQiOjMwMDAwMDAwMDAwMCwidXBkYXRlIjoxODAwMDAwMDAwMDAwfX0=",
          "dependencies": [
            "module.vms.azurerm_resource_group.k8s"
          ]
        },
        {
          "index_key": "worker01",
          "schema_version": 0,
          "attributes": {
            "id": "/subscriptions/3e1584ec-3cfd-4271-b796-b35a74744b77/resourceGroups/azure-k8s/providers/Microsoft.Network/networkSecurityGroups/k8s-worker01-sec-group",
            "location": "westeurope",
            "name": "k8s-worker01-sec-group",
            "resource_group_name": "azure-k8s",
            "security_rule": [],
            "tags": {
              "environment": "k8s-prod"
            },
            "timeouts": null
          },
          "sensitive_attributes": [],
          "private": "eyJlMmJmYjczMC1lY2FhLTExZTYtOGY4OC0zNDM2M2JjN2M0YzAiOnsiY3JlYXRlIjoxODAwMDAwMDAwMDAwLCJkZWxldGUiOjE4MDAwMDAwMDAwMDAsInJlYWQiOjMwMDAwMDAwMDAwMCwidXBkYXRlIjoxODAwMDAwMDAwMDAwfX0=",
          "dependencies": [
            "module.vms.azurerm_resource_group.k8s"
          ]
        }
      ]
    },
    {
      "module": "module.vms",
      "mode": "managed",
      "type": "azurerm_network_security_rule",
      "name": "commo-rules",
      "provider": "provider[\"registry.terraform.io/hashicorp/azurerm\"]",
      "instances": [
        {
          "index_key": "master-nfs",
          "schema_version": 0,
          "attributes": {
            "access": "Allow",
            "description": "",
            "destination_address_prefix": "*",
            "destination_address_prefixes": null,
            "destination_application_security_group_ids": null,
            "destination_port_range": "22",
            "destination_port_ranges": null,
            "direction": "Inbound",
            "id": "/subscriptions/3e1584ec-3cfd-4271-b796-b35a74744b77/resourceGroups/azure-k8s/providers/Microsoft.Network/networkSecurityGroups/k8s-master-nfs-sec-group/securityRules/SSH",
            "name": "SSH",
            "network_security_group_name": "k8s-master-nfs-sec-group",
            "priority": 1001,
            "protocol": "Tcp",
            "resource_group_name": "azure-k8s",
            "source_address_prefix": "*",
            "source_address_prefixes": null,
            "source_application_security_group_ids": null,
            "source_port_range": "*",
            "source_port_ranges": null,
            "timeouts": null
          },
          "sensitive_attributes": [],
          "private": "eyJlMmJmYjczMC1lY2FhLTExZTYtOGY4OC0zNDM2M2JjN2M0YzAiOnsiY3JlYXRlIjoxODAwMDAwMDAwMDAwLCJkZWxldGUiOjE4MDAwMDAwMDAwMDAsInJlYWQiOjMwMDAwMDAwMDAwMCwidXBkYXRlIjoxODAwMDAwMDAwMDAwfX0=",
          "dependencies": [
            "module.vms.azurerm_network_security_group.k8s_sec_group",
            "module.vms.azurerm_resource_group.k8s"
          ]
        },
        {
          "index_key": "worker01",
          "schema_version": 0,
          "attributes": {
            "access": "Allow",
            "description": "",
            "destination_address_prefix": "*",
            "destination_address_prefixes": null,
            "destination_application_security_group_ids": null,
            "destination_port_range": "22",
            "destination_port_ranges": null,
            "direction": "Inbound",
            "id": "/subscriptions/3e1584ec-3cfd-4271-b796-b35a74744b77/resourceGroups/azure-k8s/providers/Microsoft.Network/networkSecurityGroups/k8s-worker01-sec-group/securityRules/SSH",
            "name": "SSH",
            "network_security_group_name": "k8s-worker01-sec-group",
            "priority": 1001,
            "protocol": "Tcp",
            "resource_group_name": "azure-k8s",
            "source_address_prefix": "*",
            "source_address_prefixes": null,
            "source_application_security_group_ids": null,
            "source_port_range": "*",
            "source_port_ranges": null,
            "timeouts": null
          },
          "sensitive_attributes": [],
          "private": "eyJlMmJmYjczMC1lY2FhLTExZTYtOGY4OC0zNDM2M2JjN2M0YzAiOnsiY3JlYXRlIjoxODAwMDAwMDAwMDAwLCJkZWxldGUiOjE4MDAwMDAwMDAwMDAsInJlYWQiOjMwMDAwMDAwMDAwMCwidXBkYXRlIjoxODAwMDAwMDAwMDAwfX0=",
          "dependencies": [
            "module.vms.azurerm_network_security_group.k8s_sec_group",
            "module.vms.azurerm_resource_group.k8s"
          ]
        }
      ]
    },
    {
      "module": "module.vms",
      "mode": "managed",
      "type": "azurerm_network_security_rule",
      "name": "tcp-master",
      "provider": "provider[\"registry.terraform.io/hashicorp/azurerm\"]",
      "instances": [
        {
          "index_key": 0,
          "schema_version": 0,
          "attributes": {
            "access": "Allow",
            "description": "",
            "destination_address_prefix": "*",
            "destination_address_prefixes": null,
            "destination_application_security_group_ids": null,
            "destination_port_range": "6443",
            "destination_port_ranges": null,
            "direction": "Inbound",
            "id": "/subscriptions/3e1584ec-3cfd-4271-b796-b35a74744b77/resourceGroups/azure-k8s/providers/Microsoft.Network/networkSecurityGroups/k8s-master-nfs-sec-group/securityRules/TCP-0",
            "name": "TCP-0",
            "network_security_group_name": "k8s-master-nfs-sec-group",
            "priority": 1002,
            "protocol": "Tcp",
            "resource_group_name": "azure-k8s",
            "source_address_prefix": "*",
            "source_address_prefixes": null,
            "source_application_security_group_ids": null,
            "source_port_range": "*",
            "source_port_ranges": null,
            "timeouts": null
          },
          "sensitive_attributes": [],
          "private": "eyJlMmJmYjczMC1lY2FhLTExZTYtOGY4OC0zNDM2M2JjN2M0YzAiOnsiY3JlYXRlIjoxODAwMDAwMDAwMDAwLCJkZWxldGUiOjE4MDAwMDAwMDAwMDAsInJlYWQiOjMwMDAwMDAwMDAwMCwidXBkYXRlIjoxODAwMDAwMDAwMDAwfX0=",
          "dependencies": [
            "module.vms.azurerm_network_security_group.k8s_sec_group",
            "module.vms.azurerm_resource_group.k8s"
          ]
        },
        {
          "index_key": 1,
          "schema_version": 0,
          "attributes": {
            "access": "Allow",
            "description": "",
            "destination_address_prefix": "*",
            "destination_address_prefixes": null,
            "destination_application_security_group_ids": null,
            "destination_port_range": "2379-2380",
            "destination_port_ranges": null,
            "direction": "Inbound",
            "id": "/subscriptions/3e1584ec-3cfd-4271-b796-b35a74744b77/resourceGroups/azure-k8s/providers/Microsoft.Network/networkSecurityGroups/k8s-master-nfs-sec-group/securityRules/TCP-1",
            "name": "TCP-1",
            "network_security_group_name": "k8s-master-nfs-sec-group",
            "priority": 1003,
            "protocol": "Tcp",
            "resource_group_name": "azure-k8s",
            "source_address_prefix": "*",
            "source_address_prefixes": null,
            "source_application_security_group_ids": null,
            "source_port_range": "*",
            "source_port_ranges": null,
            "timeouts": null
          },
          "sensitive_attributes": [],
          "private": "eyJlMmJmYjczMC1lY2FhLTExZTYtOGY4OC0zNDM2M2JjN2M0YzAiOnsiY3JlYXRlIjoxODAwMDAwMDAwMDAwLCJkZWxldGUiOjE4MDAwMDAwMDAwMDAsInJlYWQiOjMwMDAwMDAwMDAwMCwidXBkYXRlIjoxODAwMDAwMDAwMDAwfX0=",
          "dependencies": [
            "module.vms.azurerm_network_security_group.k8s_sec_group",
            "module.vms.azurerm_resource_group.k8s"
          ]
        },
        {
          "index_key": 2,
          "schema_version": 0,
          "attributes": {
            "access": "Allow",
            "description": "",
            "destination_address_prefix": "*",
            "destination_address_prefixes": null,
            "destination_application_security_group_ids": null,
            "destination_port_range": "10250-10252",
            "destination_port_ranges": null,
            "direction": "Inbound",
            "id": "/subscriptions/3e1584ec-3cfd-4271-b796-b35a74744b77/resourceGroups/azure-k8s/providers/Microsoft.Network/networkSecurityGroups/k8s-master-nfs-sec-group/securityRules/TCP-2",
            "name": "TCP-2",
            "network_security_group_name": "k8s-master-nfs-sec-group",
            "priority": 1004,
            "protocol": "Tcp",
            "resource_group_name": "azure-k8s",
            "source_address_prefix": "*",
            "source_address_prefixes": null,
            "source_application_security_group_ids": null,
            "source_port_range": "*",
            "source_port_ranges": null,
            "timeouts": null
          },
          "sensitive_attributes": [],
          "private": "eyJlMmJmYjczMC1lY2FhLTExZTYtOGY4OC0zNDM2M2JjN2M0YzAiOnsiY3JlYXRlIjoxODAwMDAwMDAwMDAwLCJkZWxldGUiOjE4MDAwMDAwMDAwMDAsInJlYWQiOjMwMDAwMDAwMDAwMCwidXBkYXRlIjoxODAwMDAwMDAwMDAwfX0=",
          "dependencies": [
            "module.vms.azurerm_network_security_group.k8s_sec_group",
            "module.vms.azurerm_resource_group.k8s"
          ]
        },
        {
          "index_key": 3,
          "schema_version": 0,
          "attributes": {
            "access": "Allow",
            "description": "",
            "destination_address_prefix": "*",
            "destination_address_prefixes": null,
            "destination_application_security_group_ids": null,
            "destination_port_range": "10255",
            "destination_port_ranges": null,
            "direction": "Inbound",
            "id": "/subscriptions/3e1584ec-3cfd-4271-b796-b35a74744b77/resourceGroups/azure-k8s/providers/Microsoft.Network/networkSecurityGroups/k8s-master-nfs-sec-group/securityRules/TCP-3",
            "name": "TCP-3",
            "network_security_group_name": "k8s-master-nfs-sec-group",
            "priority": 1005,
            "protocol": "Tcp",
            "resource_group_name": "azure-k8s",
            "source_address_prefix": "*",
            "source_address_prefixes": null,
            "source_application_security_group_ids": null,
            "source_port_range": "*",
            "source_port_ranges": null,
            "timeouts": null
          },
          "sensitive_attributes": [],
          "private": "eyJlMmJmYjczMC1lY2FhLTExZTYtOGY4OC0zNDM2M2JjN2M0YzAiOnsiY3JlYXRlIjoxODAwMDAwMDAwMDAwLCJkZWxldGUiOjE4MDAwMDAwMDAwMDAsInJlYWQiOjMwMDAwMDAwMDAwMCwidXBkYXRlIjoxODAwMDAwMDAwMDAwfX0=",
          "dependencies": [
            "module.vms.azurerm_network_security_group.k8s_sec_group",
            "module.vms.azurerm_resource_group.k8s"
          ]
        }
      ]
    },
    {
      "module": "module.vms",
      "mode": "managed",
      "type": "azurerm_network_security_rule",
      "name": "tcp-workers",
      "provider": "provider[\"registry.terraform.io/hashicorp/azurerm\"]",
      "instances": [
        {
          "index_key": 0,
          "schema_version": 0,
          "attributes": {
            "access": "Allow",
            "description": "",
            "destination_address_prefix": "*",
            "destination_address_prefixes": null,
            "destination_application_security_group_ids": null,
            "destination_port_range": "10250",
            "destination_port_ranges": null,
            "direction": "Inbound",
            "id": "/subscriptions/3e1584ec-3cfd-4271-b796-b35a74744b77/resourceGroups/azure-k8s/providers/Microsoft.Network/networkSecurityGroups/k8s-worker01-sec-group/securityRules/TCP-0",
            "name": "TCP-0",
            "network_security_group_name": "k8s-worker01-sec-group",
            "priority": 1002,
            "protocol": "Tcp",
            "resource_group_name": "azure-k8s",
            "source_address_prefix": "*",
            "source_address_prefixes": null,
            "source_application_security_group_ids": null,
            "source_port_range": "*",
            "source_port_ranges": null,
            "timeouts": null
          },
          "sensitive_attributes": [],
          "private": "eyJlMmJmYjczMC1lY2FhLTExZTYtOGY4OC0zNDM2M2JjN2M0YzAiOnsiY3JlYXRlIjoxODAwMDAwMDAwMDAwLCJkZWxldGUiOjE4MDAwMDAwMDAwMDAsInJlYWQiOjMwMDAwMDAwMDAwMCwidXBkYXRlIjoxODAwMDAwMDAwMDAwfX0=",
          "dependencies": [
            "module.vms.azurerm_network_security_group.k8s_sec_group",
            "module.vms.azurerm_resource_group.k8s"
          ]
        },
        {
          "index_key": 1,
          "schema_version": 0,
          "attributes": {
            "access": "Allow",
            "description": "",
            "destination_address_prefix": "*",
            "destination_address_prefixes": null,
            "destination_application_security_group_ids": null,
            "destination_port_range": "30000-32767",
            "destination_port_ranges": null,
            "direction": "Inbound",
            "id": "/subscriptions/3e1584ec-3cfd-4271-b796-b35a74744b77/resourceGroups/azure-k8s/providers/Microsoft.Network/networkSecurityGroups/k8s-worker01-sec-group/securityRules/TCP-1",
            "name": "TCP-1",
            "network_security_group_name": "k8s-worker01-sec-group",
            "priority": 1003,
            "protocol": "Tcp",
            "resource_group_name": "azure-k8s",
            "source_address_prefix": "*",
            "source_address_prefixes": null,
            "source_application_security_group_ids": null,
            "source_port_range": "*",
            "source_port_ranges": null,
            "timeouts": null
          },
          "sensitive_attributes": [],
          "private": "eyJlMmJmYjczMC1lY2FhLTExZTYtOGY4OC0zNDM2M2JjN2M0YzAiOnsiY3JlYXRlIjoxODAwMDAwMDAwMDAwLCJkZWxldGUiOjE4MDAwMDAwMDAwMDAsInJlYWQiOjMwMDAwMDAwMDAwMCwidXBkYXRlIjoxODAwMDAwMDAwMDAwfX0=",
          "dependencies": [
            "module.vms.azurerm_network_security_group.k8s_sec_group",
            "module.vms.azurerm_resource_group.k8s"
          ]
        }
      ]
    },
    {
      "module": "module.vms",
      "mode": "managed",
      "type": "azurerm_public_ip",
      "name": "k8s_public_ip",
      "provider": "provider[\"registry.terraform.io/hashicorp/azurerm\"]",
      "instances": [
        {
          "index_key": "master-nfs",
          "schema_version": 0,
          "attributes": {
            "allocation_method": "Static",
            "domain_name_label": null,
            "fqdn": null,
            "id": "/subscriptions/3e1584ec-3cfd-4271-b796-b35a74744b77/resourceGroups/azure-k8s/providers/Microsoft.Network/publicIPAddresses/k8s-master-nfs-ip",
            "idle_timeout_in_minutes": 4,
            "ip_address": "104.46.40.228",
            "ip_version": "IPv4",
            "location": "westeurope",
            "name": "k8s-master-nfs-ip",
            "public_ip_prefix_id": null,
            "resource_group_name": "azure-k8s",
            "reverse_fqdn": null,
            "sku": "Basic",
            "tags": {
              "environment": "k8s-prod"
            },
            "timeouts": null,
            "zones": null
          },
          "sensitive_attributes": [],
          "private": "eyJlMmJmYjczMC1lY2FhLTExZTYtOGY4OC0zNDM2M2JjN2M0YzAiOnsiY3JlYXRlIjoxODAwMDAwMDAwMDAwLCJkZWxldGUiOjE4MDAwMDAwMDAwMDAsInJlYWQiOjMwMDAwMDAwMDAwMCwidXBkYXRlIjoxODAwMDAwMDAwMDAwfX0=",
          "dependencies": [
            "module.vms.azurerm_resource_group.k8s"
          ]
        },
        {
          "index_key": "worker01",
          "schema_version": 0,
          "attributes": {
            "allocation_method": "Static",
            "domain_name_label": null,
            "fqdn": null,
            "id": "/subscriptions/3e1584ec-3cfd-4271-b796-b35a74744b77/resourceGroups/azure-k8s/providers/Microsoft.Network/publicIPAddresses/k8s-worker01-ip",
            "idle_timeout_in_minutes": 4,
            "ip_address": "104.45.5.247",
            "ip_version": "IPv4",
            "location": "westeurope",
            "name": "k8s-worker01-ip",
            "public_ip_prefix_id": null,
            "resource_group_name": "azure-k8s",
            "reverse_fqdn": null,
            "sku": "Basic",
            "tags": {
              "environment": "k8s-prod"
            },
            "timeouts": null,
            "zones": null
          },
          "sensitive_attributes": [],
          "private": "eyJlMmJmYjczMC1lY2FhLTExZTYtOGY4OC0zNDM2M2JjN2M0YzAiOnsiY3JlYXRlIjoxODAwMDAwMDAwMDAwLCJkZWxldGUiOjE4MDAwMDAwMDAwMDAsInJlYWQiOjMwMDAwMDAwMDAwMCwidXBkYXRlIjoxODAwMDAwMDAwMDAwfX0=",
          "dependencies": [
            "module.vms.azurerm_resource_group.k8s"
          ]
        }
      ]
    },
    {
      "module": "module.vms",
      "mode": "managed",
      "type": "azurerm_resource_group",
      "name": "k8s",
      "provider": "provider[\"registry.terraform.io/hashicorp/azurerm\"]",
      "instances": [
        {
          "schema_version": 0,
          "attributes": {
            "id": "/subscriptions/3e1584ec-3cfd-4271-b796-b35a74744b77/resourceGroups/azure-k8s",
            "location": "westeurope",
            "name": "azure-k8s",
            "tags": null,
            "timeouts": null
          },
          "sensitive_attributes": [],
          "private": "eyJlMmJmYjczMC1lY2FhLTExZTYtOGY4OC0zNDM2M2JjN2M0YzAiOnsiY3JlYXRlIjo1NDAwMDAwMDAwMDAwLCJkZWxldGUiOjU0MDAwMDAwMDAwMDAsInJlYWQiOjMwMDAwMDAwMDAwMCwidXBkYXRlIjo1NDAwMDAwMDAwMDAwfX0="
        }
      ]
    },
    {
      "module": "module.vms",
      "mode": "managed",
      "type": "azurerm_storage_account",
      "name": "storage_account",
      "provider": "provider[\"registry.terraform.io/hashicorp/azurerm\"]",
      "instances": [
        {
          "schema_version": 2,
          "attributes": {
            "access_tier": "Hot",
            "account_kind": "StorageV2",
            "account_replication_type": "LRS",
            "account_tier": "Standard",
            "allow_blob_public_access": false,
            "blob_properties": [],
            "custom_domain": [],
            "enable_https_traffic_only": true,
            "id": "/subscriptions/3e1584ec-3cfd-4271-b796-b35a74744b77/resourceGroups/azure-k8s/providers/Microsoft.Storage/storageAccounts/k8sstgaccount",
            "identity": [],
            "is_hns_enabled": false,
            "large_file_share_enabled": null,
            "location": "westeurope",
            "min_tls_version": "TLS1_0",
            "name": "k8sstgaccount",
            "network_rules": [
              {
                "bypass": [
                  "AzureServices"
                ],
                "default_action": "Allow",
                "ip_rules": [],
                "virtual_network_subnet_ids": []
              }
            ],
            "primary_access_key": "Em3VIZ9Gb73pnrHA+qNcJwUi4/lZqpcVD9ap+liTq+CmcoY/IqFvMCckyKMrHt+qIdFgYZWO18OCk8E01lqw+g==",
            "primary_blob_connection_string": "DefaultEndpointsProtocol=https;BlobEndpoint=https://k8sstgaccount.blob.core.windows.net/;AccountName=k8sstgaccount;AccountKey=Em3VIZ9Gb73pnrHA+qNcJwUi4/lZqpcVD9ap+liTq+CmcoY/IqFvMCckyKMrHt+qIdFgYZWO18OCk8E01lqw+g==",
            "primary_blob_endpoint": "https://k8sstgaccount.blob.core.windows.net/",
            "primary_blob_host": "k8sstgaccount.blob.core.windows.net",
            "primary_connection_string": "DefaultEndpointsProtocol=https;AccountName=k8sstgaccount;AccountKey=Em3VIZ9Gb73pnrHA+qNcJwUi4/lZqpcVD9ap+liTq+CmcoY/IqFvMCckyKMrHt+qIdFgYZWO18OCk8E01lqw+g==;EndpointSuffix=core.windows.net",
            "primary_dfs_endpoint": "https://k8sstgaccount.dfs.core.windows.net/",
            "primary_dfs_host": "k8sstgaccount.dfs.core.windows.net",
            "primary_file_endpoint": "https://k8sstgaccount.file.core.windows.net/",
            "primary_file_host": "k8sstgaccount.file.core.windows.net",
            "primary_location": "westeurope",
            "primary_queue_endpoint": "https://k8sstgaccount.queue.core.windows.net/",
            "primary_queue_host": "k8sstgaccount.queue.core.windows.net",
            "primary_table_endpoint": "https://k8sstgaccount.table.core.windows.net/",
            "primary_table_host": "k8sstgaccount.table.core.windows.net",
            "primary_web_endpoint": "https://k8sstgaccount.z6.web.core.windows.net/",
            "primary_web_host": "k8sstgaccount.z6.web.core.windows.net",
            "queue_properties": [
              {
                "cors_rule": [],
                "hour_metrics": [
                  {
                    "enabled": true,
                    "include_apis": true,
                    "retention_policy_days": 7,
                    "version": "1.0"
                  }
                ],
                "logging": [
                  {
                    "delete": false,
                    "read": false,
                    "retention_policy_days": 0,
                    "version": "1.0",
                    "write": false
                  }
                ],
                "minute_metrics": [
                  {
                    "enabled": false,
                    "include_apis": false,
                    "retention_policy_days": 0,
                    "version": "1.0"
                  }
                ]
              }
            ],
            "resource_group_name": "azure-k8s",
            "secondary_access_key": "93SYObtZyowY6ofqomMN26RdogjvE72sKb/N/qU2Handy4p+el/oayZ1XlLPpJl/OAeu6NiLkH3OJ8U896oIdA==",
            "secondary_blob_connection_string": "",
            "secondary_blob_endpoint": null,
            "secondary_blob_host": null,
            "secondary_connection_string": "DefaultEndpointsProtocol=https;AccountName=k8sstgaccount;AccountKey=93SYObtZyowY6ofqomMN26RdogjvE72sKb/N/qU2Handy4p+el/oayZ1XlLPpJl/OAeu6NiLkH3OJ8U896oIdA==;EndpointSuffix=core.windows.net",
            "secondary_dfs_endpoint": null,
            "secondary_dfs_host": null,
            "secondary_file_endpoint": null,
            "secondary_file_host": null,
            "secondary_location": "",
            "secondary_queue_endpoint": null,
            "secondary_queue_host": null,
            "secondary_table_endpoint": null,
            "secondary_table_host": null,
            "secondary_web_endpoint": null,
            "secondary_web_host": null,
            "static_website": [],
            "tags": {
              "environment": "k8s-prod"
            },
            "timeouts": null
          },
          "sensitive_attributes": [],
          "private": "eyJlMmJmYjczMC1lY2FhLTExZTYtOGY4OC0zNDM2M2JjN2M0YzAiOnsiY3JlYXRlIjozNjAwMDAwMDAwMDAwLCJkZWxldGUiOjM2MDAwMDAwMDAwMDAsInJlYWQiOjMwMDAwMDAwMDAwMCwidXBkYXRlIjozNjAwMDAwMDAwMDAwfSwic2NoZW1hX3ZlcnNpb24iOiIyIn0=",
          "dependencies": [
            "module.vms.azurerm_resource_group.k8s"
          ]
        }
      ]
    },
    {
      "module": "module.vms",
      "mode": "managed",
      "type": "azurerm_subnet",
      "name": "k8s_subnet",
      "provider": "provider[\"registry.terraform.io/hashicorp/azurerm\"]",
      "instances": [
        {
          "schema_version": 0,
          "attributes": {
            "address_prefix": "172.16.1.0/24",
            "address_prefixes": [
              "172.16.1.0/24"
            ],
            "delegation": [],
            "enforce_private_link_endpoint_network_policies": false,
            "enforce_private_link_service_network_policies": false,
            "id": "/subscriptions/3e1584ec-3cfd-4271-b796-b35a74744b77/resourceGroups/azure-k8s/providers/Microsoft.Network/virtualNetworks/k8s-net/subnets/k8s-subnet",
            "name": "k8s-subnet",
            "resource_group_name": "azure-k8s",
            "service_endpoint_policy_ids": null,
            "service_endpoints": null,
            "timeouts": null,
            "virtual_network_name": "k8s-net"
          },
          "sensitive_attributes": [],
          "private": "eyJlMmJmYjczMC1lY2FhLTExZTYtOGY4OC0zNDM2M2JjN2M0YzAiOnsiY3JlYXRlIjoxODAwMDAwMDAwMDAwLCJkZWxldGUiOjE4MDAwMDAwMDAwMDAsInJlYWQiOjMwMDAwMDAwMDAwMCwidXBkYXRlIjoxODAwMDAwMDAwMDAwfX0=",
          "dependencies": [
            "module.vms.azurerm_resource_group.k8s",
            "module.vms.azurerm_virtual_network.k8s_net"
          ]
        }
      ]
    },
    {
      "module": "module.vms",
      "mode": "managed",
      "type": "azurerm_virtual_network",
      "name": "k8s_net",
      "provider": "provider[\"registry.terraform.io/hashicorp/azurerm\"]",
      "instances": [
        {
          "schema_version": 0,
          "attributes": {
            "address_space": [
              "172.16.0.0/16"
            ],
            "bgp_community": "",
            "ddos_protection_plan": [],
            "dns_servers": null,
            "guid": "381c2e5f-8458-45f0-82cc-5d4563bd3439",
            "id": "/subscriptions/3e1584ec-3cfd-4271-b796-b35a74744b77/resourceGroups/azure-k8s/providers/Microsoft.Network/virtualNetworks/k8s-net",
            "location": "westeurope",
            "name": "k8s-net",
            "resource_group_name": "azure-k8s",
            "subnet": [],
            "tags": {
              "environment": "k8s-prod"
            },
            "timeouts": null,
            "vm_protection_enabled": false
          },
          "sensitive_attributes": [],
          "private": "eyJlMmJmYjczMC1lY2FhLTExZTYtOGY4OC0zNDM2M2JjN2M0YzAiOnsiY3JlYXRlIjoxODAwMDAwMDAwMDAwLCJkZWxldGUiOjE4MDAwMDAwMDAwMDAsInJlYWQiOjMwMDAwMDAwMDAwMCwidXBkYXRlIjoxODAwMDAwMDAwMDAwfX0=",
          "dependencies": [
            "module.vms.azurerm_resource_group.k8s"
          ]
        }
      ]
    }
  ]
}
