{
  "version": 4,
  "terraform_version": "0.14.7",
  "serial": 381,
  "lineage": "fe6639a8-730d-3a99-0028-45f279459772",
  "outputs": {},
  "resources": [
    {
      "module": "module.vms",
      "mode": "data",
      "type": "template_file",
      "name": "vm_user_data",
      "provider": "provider[\"registry.terraform.io/hashicorp/template\"]",
      "instances": [
        {
          "index_key": "master-nfs",
          "schema_version": 0,
          "attributes": {
            "filename": null,
            "id": "78d9a84fd1e85f268dc9daf012a015d0a33f1cec6ca920315be3b8bc55f3e127",
            "rendered": "#!/bin/bash\nset -xe\n\n# Set hostname\nHOST_PREFIX=master-nfs\nsudo hostnamectl set-hostname $HOST_PREFIX.azure\n\nsudo hostname | tee /etc/hostname\n\n# Set timezone\nsudo timedatectl set-timezone Europe/Madrid\nsudo timedatectl set-ntp true\n\n# Disable SELinux\nsudo sed -i s/=enforcing/=disabled/g /etc/selinux/config\n",
            "template": "#!/bin/bash\nset -xe\n\n# Set hostname\nHOST_PREFIX=master-nfs\nsudo hostnamectl set-hostname $HOST_PREFIX.azure\n\nsudo hostname | tee /etc/hostname\n\n# Set timezone\nsudo timedatectl set-timezone Europe/Madrid\nsudo timedatectl set-ntp true\n\n# Disable SELinux\nsudo sed -i s/=enforcing/=disabled/g /etc/selinux/config\n",
            "vars": null
          },
          "sensitive_attributes": []
        },
        {
          "index_key": "worker01",
          "schema_version": 0,
          "attributes": {
            "filename": null,
            "id": "f214685ed8ae84bec41c18848de4eef6dd68ea2fb3dfdc3e15c8712b1b608cba",
            "rendered": "#!/bin/bash\nset -xe\n\n# Set hostname\nHOST_PREFIX=worker01\nsudo hostnamectl set-hostname $HOST_PREFIX.azure\n\nsudo hostname | tee /etc/hostname\n\n# Set timezone\nsudo timedatectl set-timezone Europe/Madrid\nsudo timedatectl set-ntp true\n\n# Disable SELinux\nsudo sed -i s/=enforcing/=disabled/g /etc/selinux/config\n",
            "template": "#!/bin/bash\nset -xe\n\n# Set hostname\nHOST_PREFIX=worker01\nsudo hostnamectl set-hostname $HOST_PREFIX.azure\n\nsudo hostname | tee /etc/hostname\n\n# Set timezone\nsudo timedatectl set-timezone Europe/Madrid\nsudo timedatectl set-ntp true\n\n# Disable SELinux\nsudo sed -i s/=enforcing/=disabled/g /etc/selinux/config\n",
            "vars": null
          },
          "sensitive_attributes": []
        }
      ]
    },
    {
      "module": "module.vms",
      "mode": "managed",
      "type": "azurerm_linux_virtual_machine",
      "name": "k8s_vm",
      "provider": "provider[\"registry.terraform.io/hashicorp/azurerm\"]",
      "instances": [
        {
          "index_key": "master-nfs",
          "schema_version": 0,
          "attributes": {
            "additional_capabilities": [],
            "admin_password": null,
            "admin_ssh_key": [
              {
                "public_key": "ssh-rsa AAAAB3NzaC1yc2EAAAADAQABAAACAQCr7KkQtIVrZmJJ31IE9X2f885JFAeJEHgjqNPFJ4pW5QqWJTdEspr6udB3jFJfWUxXIwMX549AwXbo4815WzM4Y3HdZ7w//U/eZg1y147zoKgr/m/yZ5KTVfeD+5GQpYAzDffiwSg+UQLw8E22AJzVuC387alHx3XcjxHxBjQ4w1Ms+0lr4B5pvDOUnNPv+Ar1ZDmEPGTuBSEUlbP/8N3Ax1zuKkjXIUiL36pXkQtQ6macnEtkkUpNJxhE380M86t8KU01s+QxejhW0KsCQ93USyW0WFlK01q2B3aYNeQ3zua3Xy4cSEHJlbxSRxmaoYfIkGN7vT6tp3fjGNruN1wmQGiMiKlagREnW31CayCwKzBbj9+cv76jtjgRnuF1KhEWlUYnCNxkHZHSPinUq4uoww+XSFG6sm4j7H++UsAG3EQ6ID712L5poJoS4JGbSzDLDKiDUSfktL3w0DuKuKDSAlq8DwxPtOxlk9yh+WGtX5kFntLb/CGio/sg/aiJusjZnSCXt9jOYHDvH8spGYRLP8fbREWSpjluJxdwlVGyRRFcjfR4W92SjBB/dJPF5zuIN8wmvuXw2JZB1XtaaiTzxYP8OnLy+u2OKWgTh+bLYZ+Z+8O21FcAEngbeWKZKkC3xinjJ2gVvCnhc1aAOm+gehG5wBwFB6mLnz9TUXQU4w== julia@julialop\n",
                "username": "ansible"
              }
            ],
            "admin_username": "ansible",
            "allow_extension_operations": true,
            "availability_set_id": "",
            "boot_diagnostics": [
              {
                "storage_account_uri": "https://k8sstgaccount.blob.core.windows.net/"
              }
            ],
            "computer_name": "k8s-master-nfs-azure",
            "custom_data": "IyEvYmluL2Jhc2gKc2V0IC14ZQoKIyBTZXQgaG9zdG5hbWUKSE9TVF9QUkVGSVg9bWFzdGVyLW5mcwpzdWRvIGhvc3RuYW1lY3RsIHNldC1ob3N0bmFtZSAkSE9TVF9QUkVGSVguYXp1cmUKCnN1ZG8gaG9zdG5hbWUgfCB0ZWUgL2V0Yy9ob3N0bmFtZQoKIyBTZXQgdGltZXpvbmUKc3VkbyB0aW1lZGF0ZWN0bCBzZXQtdGltZXpvbmUgRXVyb3BlL01hZHJpZApzdWRvIHRpbWVkYXRlY3RsIHNldC1udHAgdHJ1ZQoKIyBEaXNhYmxlIFNFTGludXgKc3VkbyBzZWQgLWkgcy89ZW5mb3JjaW5nLz1kaXNhYmxlZC9nIC9ldGMvc2VsaW51eC9jb25maWcK",
            "dedicated_host_id": "",
            "disable_password_authentication": true,
            "encryption_at_host_enabled": false,
            "eviction_policy": "",
            "extensions_time_budget": "PT1H30M",
            "id": "/subscriptions/3e1584ec-3cfd-4271-b796-b35a74744b77/resourceGroups/azure-k8s/providers/Microsoft.Compute/virtualMachines/k8s-master-nfs-azure",
            "identity": [],
            "location": "westeurope",
            "max_bid_price": -1,
            "name": "k8s-master-nfs-azure",
            "network_interface_ids": [
              "/subscriptions/3e1584ec-3cfd-4271-b796-b35a74744b77/resourceGroups/azure-k8s/providers/Microsoft.Network/networkInterfaces/k8s-master-nfs-nic"
            ],
            "os_disk": [
              {
                "caching": "ReadWrite",
                "diff_disk_settings": [],
                "disk_encryption_set_id": "",
                "disk_size_gb": 30,
                "name": "k8s-master-nfs-azure_OsDisk_1_e6e6e70c2a044694b5bc6dce6fbc72e7",
                "storage_account_type": "Standard_LRS",
                "write_accelerator_enabled": false
              }
            ],
            "plan": [
              {
                "name": "centos-8-stream-free",
                "product": "centos-8-stream-free",
                "publisher": "cognosys"
              }
            ],
            "priority": "Regular",
            "private_ip_address": "10.0.1.10",
            "private_ip_addresses": [
              "10.0.1.10"
            ],
            "provision_vm_agent": true,
            "proximity_placement_group_id": "",
            "public_ip_address": "20.73.155.240",
            "public_ip_addresses": [
              "20.73.155.240"
            ],
            "resource_group_name": "azure-k8s",
            "secret": [],
            "size": "Standard_D2_v2",
            "source_image_id": "",
            "source_image_reference": [
              {
                "offer": "centos-8-stream-free",
                "publisher": "cognosys",
                "sku": "centos-8-stream-free",
                "version": "1.2019.0810"
              }
            ],
            "tags": {
              "environment": "k8s-prod"
            },
            "timeouts": null,
            "virtual_machine_id": "6cb7a90a-76a4-4ec5-9ccd-26109ba1f320",
            "virtual_machine_scale_set_id": "",
            "zone": ""
          },
          "sensitive_attributes": [],
          "private": "eyJlMmJmYjczMC1lY2FhLTExZTYtOGY4OC0zNDM2M2JjN2M0YzAiOnsiY3JlYXRlIjoyNzAwMDAwMDAwMDAwLCJkZWxldGUiOjI3MDAwMDAwMDAwMDAsInJlYWQiOjMwMDAwMDAwMDAwMCwidXBkYXRlIjoyNzAwMDAwMDAwMDAwfX0=",
          "dependencies": [
            "module.vms.azurerm_network_interface.k8s_nic",
            "module.vms.azurerm_resource_group.k8s",
            "module.vms.azurerm_storage_account.storage_account",
            "module.vms.data.template_file.vm_user_data"
          ]
        },
        {
          "index_key": "worker01",
          "schema_version": 0,
          "attributes": {
            "additional_capabilities": [],
            "admin_password": null,
            "admin_ssh_key": [
              {
                "public_key": "ssh-rsa AAAAB3NzaC1yc2EAAAADAQABAAACAQCr7KkQtIVrZmJJ31IE9X2f885JFAeJEHgjqNPFJ4pW5QqWJTdEspr6udB3jFJfWUxXIwMX549AwXbo4815WzM4Y3HdZ7w//U/eZg1y147zoKgr/m/yZ5KTVfeD+5GQpYAzDffiwSg+UQLw8E22AJzVuC387alHx3XcjxHxBjQ4w1Ms+0lr4B5pvDOUnNPv+Ar1ZDmEPGTuBSEUlbP/8N3Ax1zuKkjXIUiL36pXkQtQ6macnEtkkUpNJxhE380M86t8KU01s+QxejhW0KsCQ93USyW0WFlK01q2B3aYNeQ3zua3Xy4cSEHJlbxSRxmaoYfIkGN7vT6tp3fjGNruN1wmQGiMiKlagREnW31CayCwKzBbj9+cv76jtjgRnuF1KhEWlUYnCNxkHZHSPinUq4uoww+XSFG6sm4j7H++UsAG3EQ6ID712L5poJoS4JGbSzDLDKiDUSfktL3w0DuKuKDSAlq8DwxPtOxlk9yh+WGtX5kFntLb/CGio/sg/aiJusjZnSCXt9jOYHDvH8spGYRLP8fbREWSpjluJxdwlVGyRRFcjfR4W92SjBB/dJPF5zuIN8wmvuXw2JZB1XtaaiTzxYP8OnLy+u2OKWgTh+bLYZ+Z+8O21FcAEngbeWKZKkC3xinjJ2gVvCnhc1aAOm+gehG5wBwFB6mLnz9TUXQU4w== julia@julialop\n",
                "username": "ansible"
              }
            ],
            "admin_username": "ansible",
            "allow_extension_operations": true,
            "availability_set_id": "",
            "boot_diagnostics": [
              {
                "storage_account_uri": "https://k8sstgaccount.blob.core.windows.net/"
              }
            ],
            "computer_name": "k8s-worker01-azure",
            "custom_data": "IyEvYmluL2Jhc2gKc2V0IC14ZQoKIyBTZXQgaG9zdG5hbWUKSE9TVF9QUkVGSVg9d29ya2VyMDEKc3VkbyBob3N0bmFtZWN0bCBzZXQtaG9zdG5hbWUgJEhPU1RfUFJFRklYLmF6dXJlCgpzdWRvIGhvc3RuYW1lIHwgdGVlIC9ldGMvaG9zdG5hbWUKCiMgU2V0IHRpbWV6b25lCnN1ZG8gdGltZWRhdGVjdGwgc2V0LXRpbWV6b25lIEV1cm9wZS9NYWRyaWQKc3VkbyB0aW1lZGF0ZWN0bCBzZXQtbnRwIHRydWUKCiMgRGlzYWJsZSBTRUxpbnV4CnN1ZG8gc2VkIC1pIHMvPWVuZm9yY2luZy89ZGlzYWJsZWQvZyAvZXRjL3NlbGludXgvY29uZmlnCg==",
            "dedicated_host_id": "",
            "disable_password_authentication": true,
            "encryption_at_host_enabled": false,
            "eviction_policy": "",
            "extensions_time_budget": "PT1H30M",
            "id": "/subscriptions/3e1584ec-3cfd-4271-b796-b35a74744b77/resourceGroups/azure-k8s/providers/Microsoft.Compute/virtualMachines/k8s-worker01-azure",
            "identity": [],
            "location": "westeurope",
            "max_bid_price": -1,
            "name": "k8s-worker01-azure",
            "network_interface_ids": [
              "/subscriptions/3e1584ec-3cfd-4271-b796-b35a74744b77/resourceGroups/azure-k8s/providers/Microsoft.Network/networkInterfaces/k8s-worker01-nic"
            ],
            "os_disk": [
              {
                "caching": "ReadWrite",
                "diff_disk_settings": [],
                "disk_encryption_set_id": "",
                "disk_size_gb": 30,
                "name": "k8s-worker01-azure_OsDisk_1_5dcdc1966b804c6ca653208d6eb9865a",
                "storage_account_type": "Standard_LRS",
                "write_accelerator_enabled": false
              }
            ],
            "plan": [
              {
                "name": "centos-8-stream-free",
                "product": "centos-8-stream-free",
                "publisher": "cognosys"
              }
            ],
            "priority": "Regular",
            "private_ip_address": "10.0.1.20",
            "private_ip_addresses": [
              "10.0.1.20"
            ],
            "provision_vm_agent": true,
            "proximity_placement_group_id": "",
            "public_ip_address": "20.73.0.206",
            "public_ip_addresses": [
              "20.73.0.206"
            ],
            "resource_group_name": "azure-k8s",
            "secret": [],
            "size": "Standard_D2_v2",
            "source_image_id": "",
            "source_image_reference": [
              {
                "offer": "centos-8-stream-free",
                "publisher": "cognosys",
                "sku": "centos-8-stream-free",
                "version": "1.2019.0810"
              }
            ],
            "tags": {
              "environment": "k8s-prod"
            },
            "timeouts": null,
            "virtual_machine_id": "28032f3b-badd-40c6-b793-46fd4fc52c47",
            "virtual_machine_scale_set_id": "",
            "zone": ""
          },
          "sensitive_attributes": [],
          "private": "eyJlMmJmYjczMC1lY2FhLTExZTYtOGY4OC0zNDM2M2JjN2M0YzAiOnsiY3JlYXRlIjoyNzAwMDAwMDAwMDAwLCJkZWxldGUiOjI3MDAwMDAwMDAwMDAsInJlYWQiOjMwMDAwMDAwMDAwMCwidXBkYXRlIjoyNzAwMDAwMDAwMDAwfX0=",
          "dependencies": [
            "module.vms.azurerm_network_interface.k8s_nic",
            "module.vms.azurerm_public_ip.k8s_public_ip",
            "module.vms.azurerm_resource_group.k8s",
            "module.vms.azurerm_storage_account.storage_account",
            "module.vms.azurerm_subnet.k8s_subnet",
            "module.vms.azurerm_virtual_network.k8s_net",
            "module.vms.data.template_file.vm_user_data"
          ]
        }
      ]
    },
    {
      "module": "module.vms",
      "mode": "managed",
      "type": "azurerm_network_interface",
      "name": "k8s_nic",
      "provider": "provider[\"registry.terraform.io/hashicorp/azurerm\"]",
      "instances": [
        {
          "index_key": "master-nfs",
          "schema_version": 0,
          "attributes": {
            "applied_dns_servers": [],
            "dns_servers": [],
            "enable_accelerated_networking": false,
            "enable_ip_forwarding": false,
            "id": "/subscriptions/3e1584ec-3cfd-4271-b796-b35a74744b77/resourceGroups/azure-k8s/providers/Microsoft.Network/networkInterfaces/k8s-master-nfs-nic",
            "internal_dns_name_label": "",
            "internal_domain_name_suffix": "",
            "ip_configuration": [
              {
                "name": "k8s-master-nfs-ip-config",
                "primary": true,
                "private_ip_address": "10.0.1.10",
                "private_ip_address_allocation": "Static",
                "private_ip_address_version": "IPv4",
                "public_ip_address_id": "/subscriptions/3e1584ec-3cfd-4271-b796-b35a74744b77/resourceGroups/azure-k8s/providers/Microsoft.Network/publicIPAddresses/k8s-master-nfs-ip",
                "subnet_id": "/subscriptions/3e1584ec-3cfd-4271-b796-b35a74744b77/resourceGroups/azure-k8s/providers/Microsoft.Network/virtualNetworks/k8s-net/subnets/k8s-subnet"
              }
            ],
            "location": "westeurope",
            "mac_address": "00-0D-3A-AB-5B-9B",
            "name": "k8s-master-nfs-nic",
            "private_ip_address": "10.0.1.10",
            "private_ip_addresses": [
              "10.0.1.10"
            ],
            "resource_group_name": "azure-k8s",
            "tags": {
              "environment": "k8s-prod"
            },
            "timeouts": null,
            "virtual_machine_id": ""
          },
          "sensitive_attributes": [],
          "private": "eyJlMmJmYjczMC1lY2FhLTExZTYtOGY4OC0zNDM2M2JjN2M0YzAiOnsiY3JlYXRlIjoxODAwMDAwMDAwMDAwLCJkZWxldGUiOjE4MDAwMDAwMDAwMDAsInJlYWQiOjMwMDAwMDAwMDAwMCwidXBkYXRlIjoxODAwMDAwMDAwMDAwfX0=",
          "dependencies": [
            "module.vms.azurerm_public_ip.k8s_public_ip",
            "module.vms.azurerm_resource_group.k8s",
            "module.vms.azurerm_subnet.k8s_subnet",
            "module.vms.azurerm_virtual_network.k8s_net"
          ]
        },
        {
          "index_key": "worker01",
          "schema_version": 0,
          "attributes": {
            "applied_dns_servers": [],
            "dns_servers": [],
            "enable_accelerated_networking": false,
            "enable_ip_forwarding": false,
            "id": "/subscriptions/3e1584ec-3cfd-4271-b796-b35a74744b77/resourceGroups/azure-k8s/providers/Microsoft.Network/networkInterfaces/k8s-worker01-nic",
            "internal_dns_name_label": "",
            "internal_domain_name_suffix": "y0bi0hbqnasuhgc45yzb4z5cfb.ax.internal.cloudapp.net",
            "ip_configuration": [
              {
                "name": "k8s-worker01-ip-config",
                "primary": true,
                "private_ip_address": "10.0.1.20",
                "private_ip_address_allocation": "Static",
                "private_ip_address_version": "IPv4",
                "public_ip_address_id": "/subscriptions/3e1584ec-3cfd-4271-b796-b35a74744b77/resourceGroups/azure-k8s/providers/Microsoft.Network/publicIPAddresses/k8s-worker01-ip",
                "subnet_id": "/subscriptions/3e1584ec-3cfd-4271-b796-b35a74744b77/resourceGroups/azure-k8s/providers/Microsoft.Network/virtualNetworks/k8s-net/subnets/k8s-subnet"
              }
            ],
            "location": "westeurope",
            "mac_address": "00-0D-3A-AA-7E-CC",
            "name": "k8s-worker01-nic",
            "private_ip_address": "10.0.1.20",
            "private_ip_addresses": [
              "10.0.1.20"
            ],
            "resource_group_name": "azure-k8s",
            "tags": {
              "environment": "k8s-prod"
            },
            "timeouts": null,
            "virtual_machine_id": "/subscriptions/3e1584ec-3cfd-4271-b796-b35a74744b77/resourceGroups/azure-k8s/providers/Microsoft.Compute/virtualMachines/k8s-worker01-azure"
          },
          "sensitive_attributes": [],
          "private": "eyJlMmJmYjczMC1lY2FhLTExZTYtOGY4OC0zNDM2M2JjN2M0YzAiOnsiY3JlYXRlIjoxODAwMDAwMDAwMDAwLCJkZWxldGUiOjE4MDAwMDAwMDAwMDAsInJlYWQiOjMwMDAwMDAwMDAwMCwidXBkYXRlIjoxODAwMDAwMDAwMDAwfX0=",
          "dependencies": [
            "module.vms.azurerm_public_ip.k8s_public_ip",
            "module.vms.azurerm_resource_group.k8s",
            "module.vms.azurerm_subnet.k8s_subnet",
            "module.vms.azurerm_virtual_network.k8s_net"
          ]
        }
      ]
    },
    {
      "module": "module.vms",
      "mode": "managed",
      "type": "azurerm_network_interface_security_group_association",
      "name": "k8s_sec_association",
      "provider": "provider[\"registry.terraform.io/hashicorp/azurerm\"]",
      "instances": [
        {
          "index_key": "master-nfs",
          "schema_version": 0,
          "attributes": {
            "id": "/subscriptions/3e1584ec-3cfd-4271-b796-b35a74744b77/resourceGroups/azure-k8s/providers/Microsoft.Network/networkInterfaces/k8s-master-nfs-nic|/subscriptions/3e1584ec-3cfd-4271-b796-b35a74744b77/resourceGroups/azure-k8s/providers/Microsoft.Network/networkSecurityGroups/k8s-master-nfs-sec-group",
            "network_interface_id": "/subscriptions/3e1584ec-3cfd-4271-b796-b35a74744b77/resourceGroups/azure-k8s/providers/Microsoft.Network/networkInterfaces/k8s-master-nfs-nic",
            "network_security_group_id": "/subscriptions/3e1584ec-3cfd-4271-b796-b35a74744b77/resourceGroups/azure-k8s/providers/Microsoft.Network/networkSecurityGroups/k8s-master-nfs-sec-group",
            "timeouts": null
          },
          "sensitive_attributes": [],
          "private": "eyJlMmJmYjczMC1lY2FhLTExZTYtOGY4OC0zNDM2M2JjN2M0YzAiOnsiY3JlYXRlIjoxODAwMDAwMDAwMDAwLCJkZWxldGUiOjE4MDAwMDAwMDAwMDAsInJlYWQiOjMwMDAwMDAwMDAwMCwidXBkYXRlIjoxODAwMDAwMDAwMDAwfX0=",
          "dependencies": [
            "module.vms.azurerm_network_interface.k8s_nic",
            "module.vms.azurerm_network_security_group.k8s_sec_group",
            "module.vms.azurerm_public_ip.k8s_public_ip",
            "module.vms.azurerm_resource_group.k8s",
            "module.vms.azurerm_subnet.k8s_subnet",
            "module.vms.azurerm_virtual_network.k8s_net"
          ]
        },
        {
          "index_key": "worker01",
          "schema_version": 0,
          "attributes": {
            "id": "/subscriptions/3e1584ec-3cfd-4271-b796-b35a74744b77/resourceGroups/azure-k8s/providers/Microsoft.Network/networkInterfaces/k8s-worker01-nic|/subscriptions/3e1584ec-3cfd-4271-b796-b35a74744b77/resourceGroups/azure-k8s/providers/Microsoft.Network/networkSecurityGroups/k8s-worker01-sec-group",
            "network_interface_id": "/subscriptions/3e1584ec-3cfd-4271-b796-b35a74744b77/resourceGroups/azure-k8s/providers/Microsoft.Network/networkInterfaces/k8s-worker01-nic",
            "network_security_group_id": "/subscriptions/3e1584ec-3cfd-4271-b796-b35a74744b77/resourceGroups/azure-k8s/providers/Microsoft.Network/networkSecurityGroups/k8s-worker01-sec-group",
            "timeouts": null
          },
          "sensitive_attributes": [],
          "private": "eyJlMmJmYjczMC1lY2FhLTExZTYtOGY4OC0zNDM2M2JjN2M0YzAiOnsiY3JlYXRlIjoxODAwMDAwMDAwMDAwLCJkZWxldGUiOjE4MDAwMDAwMDAwMDAsInJlYWQiOjMwMDAwMDAwMDAwMCwidXBkYXRlIjoxODAwMDAwMDAwMDAwfX0=",
          "dependencies": [
            "module.vms.azurerm_network_interface.k8s_nic",
            "module.vms.azurerm_network_security_group.k8s_sec_group",
            "module.vms.azurerm_public_ip.k8s_public_ip",
            "module.vms.azurerm_resource_group.k8s",
            "module.vms.azurerm_subnet.k8s_subnet",
            "module.vms.azurerm_virtual_network.k8s_net"
          ]
        }
      ]
    },
    {
      "module": "module.vms",
      "mode": "managed",
      "type": "azurerm_network_security_group",
      "name": "k8s_sec_group",
      "provider": "provider[\"registry.terraform.io/hashicorp/azurerm\"]",
      "instances": [
        {
          "index_key": "master-nfs",
          "schema_version": 0,
          "attributes": {
            "id": "/subscriptions/3e1584ec-3cfd-4271-b796-b35a74744b77/resourceGroups/azure-k8s/providers/Microsoft.Network/networkSecurityGroups/k8s-master-nfs-sec-group",
            "location": "westeurope",
            "name": "k8s-master-nfs-sec-group",
            "resource_group_name": "azure-k8s",
            "security_rule": [
              {
                "access": "Allow",
                "description": "",
                "destination_address_prefix": "*",
                "destination_address_prefixes": [],
                "destination_application_security_group_ids": [],
                "destination_port_range": "22",
                "destination_port_ranges": [],
                "direction": "Inbound",
                "name": "SSH",
                "priority": 1001,
                "protocol": "Tcp",
                "source_address_prefix": "*",
                "source_address_prefixes": [],
                "source_application_security_group_ids": [],
                "source_port_range": "*",
                "source_port_ranges": []
              }
            ],
            "tags": {
              "environment": "k8s-prod"
            },
            "timeouts": null
          },
          "sensitive_attributes": [],
          "private": "eyJlMmJmYjczMC1lY2FhLTExZTYtOGY4OC0zNDM2M2JjN2M0YzAiOnsiY3JlYXRlIjoxODAwMDAwMDAwMDAwLCJkZWxldGUiOjE4MDAwMDAwMDAwMDAsInJlYWQiOjMwMDAwMDAwMDAwMCwidXBkYXRlIjoxODAwMDAwMDAwMDAwfX0=",
          "dependencies": [
            "module.vms.azurerm_resource_group.k8s"
          ]
        },
        {
          "index_key": "worker01",
          "schema_version": 0,
          "attributes": {
            "id": "/subscriptions/3e1584ec-3cfd-4271-b796-b35a74744b77/resourceGroups/azure-k8s/providers/Microsoft.Network/networkSecurityGroups/k8s-worker01-sec-group",
            "location": "westeurope",
            "name": "k8s-worker01-sec-group",
            "resource_group_name": "azure-k8s",
            "security_rule": [
              {
                "access": "Allow",
                "description": "",
                "destination_address_prefix": "*",
                "destination_address_prefixes": [],
                "destination_application_security_group_ids": [],
                "destination_port_range": "22",
                "destination_port_ranges": [],
                "direction": "Inbound",
                "name": "SSH",
                "priority": 1001,
                "protocol": "Tcp",
                "source_address_prefix": "*",
                "source_address_prefixes": [],
                "source_application_security_group_ids": [],
                "source_port_range": "*",
                "source_port_ranges": []
              }
            ],
            "tags": {
              "environment": "k8s-prod"
            },
            "timeouts": null
          },
          "sensitive_attributes": [],
          "private": "eyJlMmJmYjczMC1lY2FhLTExZTYtOGY4OC0zNDM2M2JjN2M0YzAiOnsiY3JlYXRlIjoxODAwMDAwMDAwMDAwLCJkZWxldGUiOjE4MDAwMDAwMDAwMDAsInJlYWQiOjMwMDAwMDAwMDAwMCwidXBkYXRlIjoxODAwMDAwMDAwMDAwfX0=",
          "dependencies": [
            "module.vms.azurerm_resource_group.k8s"
          ]
        }
      ]
    },
    {
      "module": "module.vms",
      "mode": "managed",
      "type": "azurerm_public_ip",
      "name": "k8s_public_ip",
      "provider": "provider[\"registry.terraform.io/hashicorp/azurerm\"]",
      "instances": [
        {
          "index_key": "master-nfs",
          "schema_version": 0,
          "attributes": {
            "allocation_method": "Static",
            "domain_name_label": null,
            "fqdn": null,
            "id": "/subscriptions/3e1584ec-3cfd-4271-b796-b35a74744b77/resourceGroups/azure-k8s/providers/Microsoft.Network/publicIPAddresses/k8s-master-nfs-ip",
            "idle_timeout_in_minutes": 4,
            "ip_address": "20.73.155.240",
            "ip_version": "IPv4",
            "location": "westeurope",
            "name": "k8s-master-nfs-ip",
            "public_ip_prefix_id": null,
            "resource_group_name": "azure-k8s",
            "reverse_fqdn": null,
            "sku": "Basic",
            "tags": {
              "environment": "k8s-prod"
            },
            "timeouts": null,
            "zones": []
          },
          "sensitive_attributes": [],
          "private": "eyJlMmJmYjczMC1lY2FhLTExZTYtOGY4OC0zNDM2M2JjN2M0YzAiOnsiY3JlYXRlIjoxODAwMDAwMDAwMDAwLCJkZWxldGUiOjE4MDAwMDAwMDAwMDAsInJlYWQiOjMwMDAwMDAwMDAwMCwidXBkYXRlIjoxODAwMDAwMDAwMDAwfX0=",
          "dependencies": [
            "module.vms.azurerm_resource_group.k8s"
          ]
        },
        {
          "index_key": "worker01",
          "schema_version": 0,
          "attributes": {
            "allocation_method": "Static",
            "domain_name_label": null,
            "fqdn": null,
            "id": "/subscriptions/3e1584ec-3cfd-4271-b796-b35a74744b77/resourceGroups/azure-k8s/providers/Microsoft.Network/publicIPAddresses/k8s-worker01-ip",
            "idle_timeout_in_minutes": 4,
            "ip_address": "20.73.0.206",
            "ip_version": "IPv4",
            "location": "westeurope",
            "name": "k8s-worker01-ip",
            "public_ip_prefix_id": null,
            "resource_group_name": "azure-k8s",
            "reverse_fqdn": null,
            "sku": "Basic",
            "tags": {
              "environment": "k8s-prod"
            },
            "timeouts": null,
            "zones": []
          },
          "sensitive_attributes": [],
          "private": "eyJlMmJmYjczMC1lY2FhLTExZTYtOGY4OC0zNDM2M2JjN2M0YzAiOnsiY3JlYXRlIjoxODAwMDAwMDAwMDAwLCJkZWxldGUiOjE4MDAwMDAwMDAwMDAsInJlYWQiOjMwMDAwMDAwMDAwMCwidXBkYXRlIjoxODAwMDAwMDAwMDAwfX0=",
          "dependencies": [
            "module.vms.azurerm_resource_group.k8s"
          ]
        }
      ]
    },
    {
      "module": "module.vms",
      "mode": "managed",
      "type": "azurerm_resource_group",
      "name": "k8s",
      "provider": "provider[\"registry.terraform.io/hashicorp/azurerm\"]",
      "instances": [
        {
          "schema_version": 0,
          "attributes": {
            "id": "/subscriptions/3e1584ec-3cfd-4271-b796-b35a74744b77/resourceGroups/azure-k8s",
            "location": "westeurope",
            "name": "azure-k8s",
            "tags": {},
            "timeouts": null
          },
          "sensitive_attributes": [],
          "private": "eyJlMmJmYjczMC1lY2FhLTExZTYtOGY4OC0zNDM2M2JjN2M0YzAiOnsiY3JlYXRlIjo1NDAwMDAwMDAwMDAwLCJkZWxldGUiOjU0MDAwMDAwMDAwMDAsInJlYWQiOjMwMDAwMDAwMDAwMCwidXBkYXRlIjo1NDAwMDAwMDAwMDAwfX0="
        }
      ]
    },
    {
      "module": "module.vms",
      "mode": "managed",
      "type": "azurerm_storage_account",
      "name": "storage_account",
      "provider": "provider[\"registry.terraform.io/hashicorp/azurerm\"]",
      "instances": [
        {
          "schema_version": 2,
          "attributes": {
            "access_tier": "Hot",
            "account_kind": "StorageV2",
            "account_replication_type": "LRS",
            "account_tier": "Standard",
            "allow_blob_public_access": false,
            "blob_properties": [],
            "custom_domain": [],
            "enable_https_traffic_only": true,
            "id": "/subscriptions/3e1584ec-3cfd-4271-b796-b35a74744b77/resourceGroups/azure-k8s/providers/Microsoft.Storage/storageAccounts/k8sstgaccount",
            "identity": [],
            "is_hns_enabled": false,
            "large_file_share_enabled": null,
            "location": "westeurope",
            "min_tls_version": "TLS1_0",
            "name": "k8sstgaccount",
            "network_rules": [
              {
                "bypass": [
                  "AzureServices"
                ],
                "default_action": "Allow",
                "ip_rules": [],
                "virtual_network_subnet_ids": []
              }
            ],
            "primary_access_key": "i/2mp1LGfQvPUixcU2gDdJyKFQxkOGWlEN95/iB28Bu99IIZZK4Sf1Dy44hApyuE0kfcGRo6LYsf+QxLeAJ12w==",
            "primary_blob_connection_string": "DefaultEndpointsProtocol=https;BlobEndpoint=https://k8sstgaccount.blob.core.windows.net/;AccountName=k8sstgaccount;AccountKey=i/2mp1LGfQvPUixcU2gDdJyKFQxkOGWlEN95/iB28Bu99IIZZK4Sf1Dy44hApyuE0kfcGRo6LYsf+QxLeAJ12w==",
            "primary_blob_endpoint": "https://k8sstgaccount.blob.core.windows.net/",
            "primary_blob_host": "k8sstgaccount.blob.core.windows.net",
            "primary_connection_string": "DefaultEndpointsProtocol=https;AccountName=k8sstgaccount;AccountKey=i/2mp1LGfQvPUixcU2gDdJyKFQxkOGWlEN95/iB28Bu99IIZZK4Sf1Dy44hApyuE0kfcGRo6LYsf+QxLeAJ12w==;EndpointSuffix=core.windows.net",
            "primary_dfs_endpoint": "https://k8sstgaccount.dfs.core.windows.net/",
            "primary_dfs_host": "k8sstgaccount.dfs.core.windows.net",
            "primary_file_endpoint": "https://k8sstgaccount.file.core.windows.net/",
            "primary_file_host": "k8sstgaccount.file.core.windows.net",
            "primary_location": "westeurope",
            "primary_queue_endpoint": "https://k8sstgaccount.queue.core.windows.net/",
            "primary_queue_host": "k8sstgaccount.queue.core.windows.net",
            "primary_table_endpoint": "https://k8sstgaccount.table.core.windows.net/",
            "primary_table_host": "k8sstgaccount.table.core.windows.net",
            "primary_web_endpoint": "https://k8sstgaccount.z6.web.core.windows.net/",
            "primary_web_host": "k8sstgaccount.z6.web.core.windows.net",
            "queue_properties": [
              {
                "cors_rule": [],
                "hour_metrics": [
                  {
                    "enabled": true,
                    "include_apis": true,
                    "retention_policy_days": 7,
                    "version": "1.0"
                  }
                ],
                "logging": [
                  {
                    "delete": false,
                    "read": false,
                    "retention_policy_days": 0,
                    "version": "1.0",
                    "write": false
                  }
                ],
                "minute_metrics": [
                  {
                    "enabled": false,
                    "include_apis": false,
                    "retention_policy_days": 0,
                    "version": "1.0"
                  }
                ]
              }
            ],
            "resource_group_name": "azure-k8s",
            "secondary_access_key": "trpfdFmfQ0iYj+xB16cc6n8Dftno8dQUuhg9ibnkt/D0Ut1xJboJEwa43EGdGG6el7RuFZNOGjqqYpOKLBRFdg==",
            "secondary_blob_connection_string": "",
            "secondary_blob_endpoint": null,
            "secondary_blob_host": null,
            "secondary_connection_string": "DefaultEndpointsProtocol=https;AccountName=k8sstgaccount;AccountKey=trpfdFmfQ0iYj+xB16cc6n8Dftno8dQUuhg9ibnkt/D0Ut1xJboJEwa43EGdGG6el7RuFZNOGjqqYpOKLBRFdg==;EndpointSuffix=core.windows.net",
            "secondary_dfs_endpoint": null,
            "secondary_dfs_host": null,
            "secondary_file_endpoint": null,
            "secondary_file_host": null,
            "secondary_location": "",
            "secondary_queue_endpoint": null,
            "secondary_queue_host": null,
            "secondary_table_endpoint": null,
            "secondary_table_host": null,
            "secondary_web_endpoint": null,
            "secondary_web_host": null,
            "static_website": [],
            "tags": {
              "environment": "k8s-prod"
            },
            "timeouts": null
          },
          "sensitive_attributes": [],
          "private": "eyJlMmJmYjczMC1lY2FhLTExZTYtOGY4OC0zNDM2M2JjN2M0YzAiOnsiY3JlYXRlIjozNjAwMDAwMDAwMDAwLCJkZWxldGUiOjM2MDAwMDAwMDAwMDAsInJlYWQiOjMwMDAwMDAwMDAwMCwidXBkYXRlIjozNjAwMDAwMDAwMDAwfSwic2NoZW1hX3ZlcnNpb24iOiIyIn0=",
          "dependencies": [
            "module.vms.azurerm_resource_group.k8s"
          ]
        }
      ]
    },
    {
      "module": "module.vms",
      "mode": "managed",
      "type": "azurerm_subnet",
      "name": "k8s_subnet",
      "provider": "provider[\"registry.terraform.io/hashicorp/azurerm\"]",
      "instances": [
        {
          "schema_version": 0,
          "attributes": {
            "address_prefix": "10.0.1.0/24",
            "address_prefixes": [
              "10.0.1.0/24"
            ],
            "delegation": [],
            "enforce_private_link_endpoint_network_policies": false,
            "enforce_private_link_service_network_policies": false,
            "id": "/subscriptions/3e1584ec-3cfd-4271-b796-b35a74744b77/resourceGroups/azure-k8s/providers/Microsoft.Network/virtualNetworks/k8s-net/subnets/k8s-subnet",
            "name": "k8s-subnet",
            "resource_group_name": "azure-k8s",
            "service_endpoint_policy_ids": [],
            "service_endpoints": [],
            "timeouts": null,
            "virtual_network_name": "k8s-net"
          },
          "sensitive_attributes": [],
          "private": "eyJlMmJmYjczMC1lY2FhLTExZTYtOGY4OC0zNDM2M2JjN2M0YzAiOnsiY3JlYXRlIjoxODAwMDAwMDAwMDAwLCJkZWxldGUiOjE4MDAwMDAwMDAwMDAsInJlYWQiOjMwMDAwMDAwMDAwMCwidXBkYXRlIjoxODAwMDAwMDAwMDAwfX0=",
          "dependencies": [
            "module.vms.azurerm_resource_group.k8s",
            "module.vms.azurerm_virtual_network.k8s_net"
          ]
        }
      ]
    },
    {
      "module": "module.vms",
      "mode": "managed",
      "type": "azurerm_virtual_network",
      "name": "k8s_net",
      "provider": "provider[\"registry.terraform.io/hashicorp/azurerm\"]",
      "instances": [
        {
          "schema_version": 0,
          "attributes": {
            "address_space": [
              "10.0.0.0/16"
            ],
            "bgp_community": "",
            "ddos_protection_plan": [],
            "dns_servers": [],
            "guid": "1c8d82c6-6830-4325-985e-fe321f67e229",
            "id": "/subscriptions/3e1584ec-3cfd-4271-b796-b35a74744b77/resourceGroups/azure-k8s/providers/Microsoft.Network/virtualNetworks/k8s-net",
            "location": "westeurope",
            "name": "k8s-net",
            "resource_group_name": "azure-k8s",
            "subnet": [
              {
                "address_prefix": "10.0.1.0/24",
                "id": "/subscriptions/3e1584ec-3cfd-4271-b796-b35a74744b77/resourceGroups/azure-k8s/providers/Microsoft.Network/virtualNetworks/k8s-net/subnets/k8s-subnet",
                "name": "k8s-subnet",
                "security_group": ""
              }
            ],
            "tags": {
              "environment": "k8s-prod"
            },
            "timeouts": null,
            "vm_protection_enabled": false
          },
          "sensitive_attributes": [],
          "private": "eyJlMmJmYjczMC1lY2FhLTExZTYtOGY4OC0zNDM2M2JjN2M0YzAiOnsiY3JlYXRlIjoxODAwMDAwMDAwMDAwLCJkZWxldGUiOjE4MDAwMDAwMDAwMDAsInJlYWQiOjMwMDAwMDAwMDAwMCwidXBkYXRlIjoxODAwMDAwMDAwMDAwfX0=",
          "dependencies": [
            "module.vms.azurerm_resource_group.k8s"
          ]
        }
      ]
    }
  ]
}
