{
  "version": 4,
  "terraform_version": "0.14.0",
  "serial": 252,
  "lineage": "fe6639a8-730d-3a99-0028-45f279459772",
  "outputs": {},
  "resources": [
    {
      "module": "module.vms",
      "mode": "data",
      "type": "template_file",
      "name": "vm_user_data",
      "provider": "provider[\"registry.terraform.io/hashicorp/template\"]",
      "instances": [
        {
          "index_key": "master",
          "schema_version": 0,
          "attributes": {
            "filename": null,
            "id": "4281a381ebdcae62d8bc0d28f83c49e9a2cb9f786d7ad5e03367349cd4690017",
            "rendered": "#!/bin/bash\nset -xe\n\n# Update system\nsudo dnf update -y\n\n# Set hostname\nHOST_PREFIX=master\nsudo hostnamectl set-hostname $HOST_PREFIX.azure\n\nhostname | tee /etc/hostname\n\n# Set timezone\nsudo timedatectl set-timezone Europe/Madrid\nsudo timedatectl set-ntp true\n\n# Disable SELinux\nsed -i s/=enforcing/=disabled/g /etc/selinux/config\n",
            "template": "#!/bin/bash\nset -xe\n\n# Update system\nsudo dnf update -y\n\n# Set hostname\nHOST_PREFIX=master\nsudo hostnamectl set-hostname $HOST_PREFIX.azure\n\nhostname | tee /etc/hostname\n\n# Set timezone\nsudo timedatectl set-timezone Europe/Madrid\nsudo timedatectl set-ntp true\n\n# Disable SELinux\nsed -i s/=enforcing/=disabled/g /etc/selinux/config\n",
            "vars": null
          },
          "sensitive_attributes": []
        },
        {
          "index_key": "nfs",
          "schema_version": 0,
          "attributes": {
            "filename": null,
            "id": "a594bf0d47f3a6eabb51cfb64473c4bf7933a82fcbb5c0658aab22a3b72ec24b",
            "rendered": "#!/bin/bash\nset -xe\n\n# Update system\nsudo dnf update -y\n\n# Set hostname\nHOST_PREFIX=nfs\nsudo hostnamectl set-hostname $HOST_PREFIX.azure\n\nhostname | tee /etc/hostname\n\n# Set timezone\nsudo timedatectl set-timezone Europe/Madrid\nsudo timedatectl set-ntp true\n\n# Disable SELinux\nsed -i s/=enforcing/=disabled/g /etc/selinux/config",
            "template": "#!/bin/bash\nset -xe\n\n# Update system\nsudo dnf update -y\n\n# Set hostname\nHOST_PREFIX=nfs\nsudo hostnamectl set-hostname $HOST_PREFIX.azure\n\nhostname | tee /etc/hostname\n\n# Set timezone\nsudo timedatectl set-timezone Europe/Madrid\nsudo timedatectl set-ntp true\n\n# Disable SELinux\nsed -i s/=enforcing/=disabled/g /etc/selinux/config",
            "vars": null
          },
          "sensitive_attributes": []
        }
      ]
    },
    {
      "module": "module.vms",
      "mode": "managed",
      "type": "azurerm_linux_virtual_machine",
      "name": "k8s_vm",
      "provider": "provider[\"registry.terraform.io/hashicorp/azurerm\"]",
      "instances": [
        {
          "index_key": "master",
          "schema_version": 0,
          "attributes": {
            "additional_capabilities": [],
            "admin_password": null,
            "admin_ssh_key": [
              {
                "public_key": "ssh-rsa AAAAB3NzaC1yc2EAAAADAQABAAACAQDSUspvjZPvvLyr4mtLiSE6uf0kczPU72U9NUDFX8Uhnb2Venwrd093452vEsMIYTtrvIAILZ6L+ZTvkpZ/hh2sH6Oi1miuA3yEvlDThVOqh/xZq7Cu3YA67uYM1oi6sLvtREdMT2ISAbjxDR8S7b00Fg8vc2OwBCyGpSCu9bHrTyPQB6m2zPx6nRN4/mVkVoAfF99kNO9ntvUf7MEX71pGU5oRk/SIzzFJ2I65u0PivYhPBP4HwFvIm9kjCN8D0PX86Puq4gaWzaif6nFqtzMnfjfV1G15EiSIzW3J6h/tJciDyJmHo3kZsfCBKXXf6K/IGy/9np5BgViUxG1TnKNZOf4nZJtQoASh+Z0b/Ban+Ms2x27rHP+ssiWRSTY9iP7Zqe+XGW/6eYqPW1Bk2leyJaJW3d7Iar1eGYEmq++JKga8uNNoq5cwjXtt0g8zZYlOyFuEHajVQbh4tAJMbD4Y2vI1lbh8GhtvIVMqqozuQ4tbSENxVEUsIf0yzxIlgloasma9IOrClSG2MclLeqPHK7gTTDX/HFP/IenJuFp8XdnQgUH/YFM4WRCEwHaSEboZPecybhhiZwLi1gIFz3U5vtyG5wNQjkSvHU+glq85BFclu/4Q7/mgLXUdoFQ8Ye3sZG3SgWW2DsIt/dk+RyuHuxA1Ky9lMzBvA6IV+kCiRQ== julia@Julia\n",
                "username": "ansible"
              }
            ],
            "admin_username": "ansible",
            "allow_extension_operations": true,
            "availability_set_id": "",
            "boot_diagnostics": [
              {
                "storage_account_uri": "https://k8sstgaccount.blob.core.windows.net/"
              }
            ],
            "computer_name": "k8s-master-azure",
            "custom_data": "IyEvYmluL2Jhc2gKc2V0IC14ZQoKIyBVcGRhdGUgc3lzdGVtCnN1ZG8gZG5mIHVwZGF0ZSAteQoKIyBTZXQgaG9zdG5hbWUKSE9TVF9QUkVGSVg9bWFzdGVyCnN1ZG8gaG9zdG5hbWVjdGwgc2V0LWhvc3RuYW1lICRIT1NUX1BSRUZJWC5henVyZQoKaG9zdG5hbWUgfCB0ZWUgL2V0Yy9ob3N0bmFtZQoKIyBTZXQgdGltZXpvbmUKc3VkbyB0aW1lZGF0ZWN0bCBzZXQtdGltZXpvbmUgRXVyb3BlL01hZHJpZApzdWRvIHRpbWVkYXRlY3RsIHNldC1udHAgdHJ1ZQoKIyBEaXNhYmxlIFNFTGludXgKc2VkIC1pIHMvPWVuZm9yY2luZy89ZGlzYWJsZWQvZyAvZXRjL3NlbGludXgvY29uZmlnCg==",
            "dedicated_host_id": "",
            "disable_password_authentication": true,
            "encryption_at_host_enabled": false,
            "eviction_policy": "",
            "extensions_time_budget": "PT1H30M",
            "id": "/subscriptions/3e1584ec-3cfd-4271-b796-b35a74744b77/resourceGroups/azure-k8s/providers/Microsoft.Compute/virtualMachines/k8s-master-azure",
            "identity": [],
            "location": "westeurope",
            "max_bid_price": -1,
            "name": "k8s-master-azure",
            "network_interface_ids": [
              "/subscriptions/3e1584ec-3cfd-4271-b796-b35a74744b77/resourceGroups/azure-k8s/providers/Microsoft.Network/networkInterfaces/k8s-master-nic"
            ],
            "os_disk": [
              {
                "caching": "ReadWrite",
                "diff_disk_settings": [],
                "disk_encryption_set_id": "",
                "disk_size_gb": 30,
                "name": "k8s-master-azure_OsDisk_1_a069cc8534894fbb841bb81d9eeb5e05",
                "storage_account_type": "Standard_LRS",
                "write_accelerator_enabled": false
              }
            ],
            "plan": [
              {
                "name": "centos-8-stream-free",
                "product": "centos-8-stream-free",
                "publisher": "cognosys"
              }
            ],
            "priority": "Regular",
            "private_ip_address": "10.0.1.10",
            "private_ip_addresses": [
              "10.0.1.10"
            ],
            "provision_vm_agent": true,
            "proximity_placement_group_id": "",
            "public_ip_address": "20.71.140.57",
            "public_ip_addresses": [
              "20.71.140.57"
            ],
            "resource_group_name": "azure-k8s",
            "secret": [],
            "size": "Standard_D1_v2",
            "source_image_id": "",
            "source_image_reference": [
              {
                "offer": "centos-8-stream-free",
                "publisher": "cognosys",
                "sku": "centos-8-stream-free",
                "version": "1.2019.0810"
              }
            ],
            "tags": {
              "environment": "k8s-prod"
            },
            "timeouts": null,
            "virtual_machine_id": "029f5c44-3903-4d6b-97fc-aa0046a89f21",
            "virtual_machine_scale_set_id": "",
            "zone": ""
          },
          "sensitive_attributes": [],
          "private": "eyJlMmJmYjczMC1lY2FhLTExZTYtOGY4OC0zNDM2M2JjN2M0YzAiOnsiY3JlYXRlIjoyNzAwMDAwMDAwMDAwLCJkZWxldGUiOjI3MDAwMDAwMDAwMDAsInJlYWQiOjMwMDAwMDAwMDAwMCwidXBkYXRlIjoyNzAwMDAwMDAwMDAwfX0=",
          "dependencies": [
            "module.vms.azurerm_network_interface.k8s_nic",
            "module.vms.azurerm_public_ip.k8s_public_ip",
            "module.vms.azurerm_resource_group.k8s",
            "module.vms.azurerm_storage_account.storage_account",
            "module.vms.azurerm_subnet.k8s_subnet",
            "module.vms.azurerm_virtual_network.k8s_net",
            "module.vms.data.template_file.vm_user_data"
          ]
        },
        {
          "index_key": "nfs",
          "schema_version": 0,
          "attributes": {
            "additional_capabilities": [],
            "admin_password": null,
            "admin_ssh_key": [
              {
                "public_key": "ssh-rsa AAAAB3NzaC1yc2EAAAADAQABAAACAQDSUspvjZPvvLyr4mtLiSE6uf0kczPU72U9NUDFX8Uhnb2Venwrd093452vEsMIYTtrvIAILZ6L+ZTvkpZ/hh2sH6Oi1miuA3yEvlDThVOqh/xZq7Cu3YA67uYM1oi6sLvtREdMT2ISAbjxDR8S7b00Fg8vc2OwBCyGpSCu9bHrTyPQB6m2zPx6nRN4/mVkVoAfF99kNO9ntvUf7MEX71pGU5oRk/SIzzFJ2I65u0PivYhPBP4HwFvIm9kjCN8D0PX86Puq4gaWzaif6nFqtzMnfjfV1G15EiSIzW3J6h/tJciDyJmHo3kZsfCBKXXf6K/IGy/9np5BgViUxG1TnKNZOf4nZJtQoASh+Z0b/Ban+Ms2x27rHP+ssiWRSTY9iP7Zqe+XGW/6eYqPW1Bk2leyJaJW3d7Iar1eGYEmq++JKga8uNNoq5cwjXtt0g8zZYlOyFuEHajVQbh4tAJMbD4Y2vI1lbh8GhtvIVMqqozuQ4tbSENxVEUsIf0yzxIlgloasma9IOrClSG2MclLeqPHK7gTTDX/HFP/IenJuFp8XdnQgUH/YFM4WRCEwHaSEboZPecybhhiZwLi1gIFz3U5vtyG5wNQjkSvHU+glq85BFclu/4Q7/mgLXUdoFQ8Ye3sZG3SgWW2DsIt/dk+RyuHuxA1Ky9lMzBvA6IV+kCiRQ== julia@Julia\n",
                "username": "ansible"
              }
            ],
            "admin_username": "ansible",
            "allow_extension_operations": true,
            "availability_set_id": "",
            "boot_diagnostics": [
              {
                "storage_account_uri": "https://k8sstgaccount.blob.core.windows.net/"
              }
            ],
            "computer_name": "k8s-nfs-azure",
            "custom_data": "IyEvYmluL2Jhc2gKc2V0IC14ZQoKIyBVcGRhdGUgc3lzdGVtCnN1ZG8gZG5mIHVwZGF0ZSAteQoKIyBTZXQgaG9zdG5hbWUKSE9TVF9QUkVGSVg9bmZzCnN1ZG8gaG9zdG5hbWVjdGwgc2V0LWhvc3RuYW1lICRIT1NUX1BSRUZJWC5henVyZQoKaG9zdG5hbWUgfCB0ZWUgL2V0Yy9ob3N0bmFtZQoKIyBTZXQgdGltZXpvbmUKc3VkbyB0aW1lZGF0ZWN0bCBzZXQtdGltZXpvbmUgRXVyb3BlL01hZHJpZApzdWRvIHRpbWVkYXRlY3RsIHNldC1udHAgdHJ1ZQoKIyBEaXNhYmxlIFNFTGludXgKc2VkIC1pIHMvPWVuZm9yY2luZy89ZGlzYWJsZWQvZyAvZXRjL3NlbGludXgvY29uZmln",
            "dedicated_host_id": "",
            "disable_password_authentication": true,
            "encryption_at_host_enabled": false,
            "eviction_policy": "",
            "extensions_time_budget": "PT1H30M",
            "id": "/subscriptions/3e1584ec-3cfd-4271-b796-b35a74744b77/resourceGroups/azure-k8s/providers/Microsoft.Compute/virtualMachines/k8s-nfs-azure",
            "identity": [],
            "location": "westeurope",
            "max_bid_price": -1,
            "name": "k8s-nfs-azure",
            "network_interface_ids": [
              "/subscriptions/3e1584ec-3cfd-4271-b796-b35a74744b77/resourceGroups/azure-k8s/providers/Microsoft.Network/networkInterfaces/k8s-nfs-nic"
            ],
            "os_disk": [
              {
                "caching": "ReadWrite",
                "diff_disk_settings": [],
                "disk_encryption_set_id": "",
                "disk_size_gb": 30,
                "name": "k8s-nfs-azure_OsDisk_1_d8035498faf7488398bf98d760e10450",
                "storage_account_type": "Standard_LRS",
                "write_accelerator_enabled": false
              }
            ],
            "plan": [
              {
                "name": "centos-8-stream-free",
                "product": "centos-8-stream-free",
                "publisher": "cognosys"
              }
            ],
            "priority": "Regular",
            "private_ip_address": "10.0.1.40",
            "private_ip_addresses": [
              "10.0.1.40"
            ],
            "provision_vm_agent": true,
            "proximity_placement_group_id": "",
            "public_ip_address": "20.71.140.47",
            "public_ip_addresses": [
              "20.71.140.47"
            ],
            "resource_group_name": "azure-k8s",
            "secret": [],
            "size": "Standard_D1_v2",
            "source_image_id": "",
            "source_image_reference": [
              {
                "offer": "centos-8-stream-free",
                "publisher": "cognosys",
                "sku": "centos-8-stream-free",
                "version": "1.2019.0810"
              }
            ],
            "tags": {
              "environment": "k8s-prod"
            },
            "timeouts": null,
            "virtual_machine_id": "5705abb1-bbd2-4cc8-bc3d-e0fc047f8c99",
            "virtual_machine_scale_set_id": "",
            "zone": ""
          },
          "sensitive_attributes": [],
          "private": "eyJlMmJmYjczMC1lY2FhLTExZTYtOGY4OC0zNDM2M2JjN2M0YzAiOnsiY3JlYXRlIjoyNzAwMDAwMDAwMDAwLCJkZWxldGUiOjI3MDAwMDAwMDAwMDAsInJlYWQiOjMwMDAwMDAwMDAwMCwidXBkYXRlIjoyNzAwMDAwMDAwMDAwfX0=",
          "dependencies": [
            "module.vms.azurerm_network_interface.k8s_nic",
            "module.vms.azurerm_public_ip.k8s_public_ip",
            "module.vms.azurerm_resource_group.k8s",
            "module.vms.azurerm_storage_account.storage_account",
            "module.vms.azurerm_subnet.k8s_subnet",
            "module.vms.azurerm_virtual_network.k8s_net",
            "module.vms.data.template_file.vm_user_data"
          ]
        }
      ]
    },
    {
      "module": "module.vms",
      "mode": "managed",
      "type": "azurerm_network_interface",
      "name": "k8s_nic",
      "provider": "provider[\"registry.terraform.io/hashicorp/azurerm\"]",
      "instances": [
        {
          "index_key": "master",
          "schema_version": 0,
          "attributes": {
            "applied_dns_servers": [],
            "dns_servers": [],
            "enable_accelerated_networking": false,
            "enable_ip_forwarding": false,
            "id": "/subscriptions/3e1584ec-3cfd-4271-b796-b35a74744b77/resourceGroups/azure-k8s/providers/Microsoft.Network/networkInterfaces/k8s-master-nic",
            "internal_dns_name_label": "",
            "internal_domain_name_suffix": "xqnunszna2felfpo3y34tuulgh.ax.internal.cloudapp.net",
            "ip_configuration": [
              {
                "name": "k8s-master-ip-config",
                "primary": true,
                "private_ip_address": "10.0.1.10",
                "private_ip_address_allocation": "Static",
                "private_ip_address_version": "IPv4",
                "public_ip_address_id": "/subscriptions/3e1584ec-3cfd-4271-b796-b35a74744b77/resourceGroups/azure-k8s/providers/Microsoft.Network/publicIPAddresses/k8s-master-ip",
                "subnet_id": "/subscriptions/3e1584ec-3cfd-4271-b796-b35a74744b77/resourceGroups/azure-k8s/providers/Microsoft.Network/virtualNetworks/k8s-net/subnets/k8s-subnet"
              }
            ],
            "location": "westeurope",
            "mac_address": "",
            "name": "k8s-master-nic",
            "private_ip_address": "10.0.1.10",
            "private_ip_addresses": [
              "10.0.1.10"
            ],
            "resource_group_name": "azure-k8s",
            "tags": {
              "environment": "k8s-prod"
            },
            "timeouts": null,
            "virtual_machine_id": ""
          },
          "sensitive_attributes": [],
          "private": "eyJlMmJmYjczMC1lY2FhLTExZTYtOGY4OC0zNDM2M2JjN2M0YzAiOnsiY3JlYXRlIjoxODAwMDAwMDAwMDAwLCJkZWxldGUiOjE4MDAwMDAwMDAwMDAsInJlYWQiOjMwMDAwMDAwMDAwMCwidXBkYXRlIjoxODAwMDAwMDAwMDAwfX0=",
          "dependencies": [
            "module.vms.azurerm_public_ip.k8s_public_ip",
            "module.vms.azurerm_resource_group.k8s",
            "module.vms.azurerm_subnet.k8s_subnet",
            "module.vms.azurerm_virtual_network.k8s_net"
          ]
        },
        {
          "index_key": "nfs",
          "schema_version": 0,
          "attributes": {
            "applied_dns_servers": [],
            "dns_servers": [],
            "enable_accelerated_networking": false,
            "enable_ip_forwarding": false,
            "id": "/subscriptions/3e1584ec-3cfd-4271-b796-b35a74744b77/resourceGroups/azure-k8s/providers/Microsoft.Network/networkInterfaces/k8s-nfs-nic",
            "internal_dns_name_label": "",
            "internal_domain_name_suffix": "xqnunszna2felfpo3y34tuulgh.ax.internal.cloudapp.net",
            "ip_configuration": [
              {
                "name": "k8s-nfs-ip-config",
                "primary": true,
                "private_ip_address": "10.0.1.40",
                "private_ip_address_allocation": "Static",
                "private_ip_address_version": "IPv4",
                "public_ip_address_id": "/subscriptions/3e1584ec-3cfd-4271-b796-b35a74744b77/resourceGroups/azure-k8s/providers/Microsoft.Network/publicIPAddresses/k8s-nfs-ip",
                "subnet_id": "/subscriptions/3e1584ec-3cfd-4271-b796-b35a74744b77/resourceGroups/azure-k8s/providers/Microsoft.Network/virtualNetworks/k8s-net/subnets/k8s-subnet"
              }
            ],
            "location": "westeurope",
            "mac_address": "",
            "name": "k8s-nfs-nic",
            "private_ip_address": "10.0.1.40",
            "private_ip_addresses": [
              "10.0.1.40"
            ],
            "resource_group_name": "azure-k8s",
            "tags": {
              "environment": "k8s-prod"
            },
            "timeouts": null,
            "virtual_machine_id": ""
          },
          "sensitive_attributes": [],
          "private": "eyJlMmJmYjczMC1lY2FhLTExZTYtOGY4OC0zNDM2M2JjN2M0YzAiOnsiY3JlYXRlIjoxODAwMDAwMDAwMDAwLCJkZWxldGUiOjE4MDAwMDAwMDAwMDAsInJlYWQiOjMwMDAwMDAwMDAwMCwidXBkYXRlIjoxODAwMDAwMDAwMDAwfX0=",
          "dependencies": [
            "module.vms.azurerm_public_ip.k8s_public_ip",
            "module.vms.azurerm_resource_group.k8s",
            "module.vms.azurerm_subnet.k8s_subnet",
            "module.vms.azurerm_virtual_network.k8s_net"
          ]
        }
      ]
    },
    {
      "module": "module.vms",
      "mode": "managed",
      "type": "azurerm_network_interface_security_group_association",
      "name": "k8s_sec_association",
      "provider": "provider[\"registry.terraform.io/hashicorp/azurerm\"]",
      "instances": [
        {
          "index_key": "master",
          "schema_version": 0,
          "attributes": {
            "id": "/subscriptions/3e1584ec-3cfd-4271-b796-b35a74744b77/resourceGroups/azure-k8s/providers/Microsoft.Network/networkInterfaces/k8s-master-nic|/subscriptions/3e1584ec-3cfd-4271-b796-b35a74744b77/resourceGroups/azure-k8s/providers/Microsoft.Network/networkSecurityGroups/k8s-master-sec-group",
            "network_interface_id": "/subscriptions/3e1584ec-3cfd-4271-b796-b35a74744b77/resourceGroups/azure-k8s/providers/Microsoft.Network/networkInterfaces/k8s-master-nic",
            "network_security_group_id": "/subscriptions/3e1584ec-3cfd-4271-b796-b35a74744b77/resourceGroups/azure-k8s/providers/Microsoft.Network/networkSecurityGroups/k8s-master-sec-group",
            "timeouts": null
          },
          "sensitive_attributes": [],
          "private": "eyJlMmJmYjczMC1lY2FhLTExZTYtOGY4OC0zNDM2M2JjN2M0YzAiOnsiY3JlYXRlIjoxODAwMDAwMDAwMDAwLCJkZWxldGUiOjE4MDAwMDAwMDAwMDAsInJlYWQiOjMwMDAwMDAwMDAwMCwidXBkYXRlIjoxODAwMDAwMDAwMDAwfX0=",
          "dependencies": [
            "module.vms.azurerm_network_interface.k8s_nic",
            "module.vms.azurerm_network_security_group.k8s_sec_group",
            "module.vms.azurerm_public_ip.k8s_public_ip",
            "module.vms.azurerm_resource_group.k8s",
            "module.vms.azurerm_subnet.k8s_subnet",
            "module.vms.azurerm_virtual_network.k8s_net"
          ]
        },
        {
          "index_key": "nfs",
          "schema_version": 0,
          "attributes": {
            "id": "/subscriptions/3e1584ec-3cfd-4271-b796-b35a74744b77/resourceGroups/azure-k8s/providers/Microsoft.Network/networkInterfaces/k8s-nfs-nic|/subscriptions/3e1584ec-3cfd-4271-b796-b35a74744b77/resourceGroups/azure-k8s/providers/Microsoft.Network/networkSecurityGroups/k8s-nfs-sec-group",
            "network_interface_id": "/subscriptions/3e1584ec-3cfd-4271-b796-b35a74744b77/resourceGroups/azure-k8s/providers/Microsoft.Network/networkInterfaces/k8s-nfs-nic",
            "network_security_group_id": "/subscriptions/3e1584ec-3cfd-4271-b796-b35a74744b77/resourceGroups/azure-k8s/providers/Microsoft.Network/networkSecurityGroups/k8s-nfs-sec-group",
            "timeouts": null
          },
          "sensitive_attributes": [],
          "private": "eyJlMmJmYjczMC1lY2FhLTExZTYtOGY4OC0zNDM2M2JjN2M0YzAiOnsiY3JlYXRlIjoxODAwMDAwMDAwMDAwLCJkZWxldGUiOjE4MDAwMDAwMDAwMDAsInJlYWQiOjMwMDAwMDAwMDAwMCwidXBkYXRlIjoxODAwMDAwMDAwMDAwfX0=",
          "dependencies": [
            "module.vms.azurerm_network_interface.k8s_nic",
            "module.vms.azurerm_network_security_group.k8s_sec_group",
            "module.vms.azurerm_public_ip.k8s_public_ip",
            "module.vms.azurerm_resource_group.k8s",
            "module.vms.azurerm_subnet.k8s_subnet",
            "module.vms.azurerm_virtual_network.k8s_net"
          ]
        }
      ]
    },
    {
      "module": "module.vms",
      "mode": "managed",
      "type": "azurerm_network_security_group",
      "name": "k8s_sec_group",
      "provider": "provider[\"registry.terraform.io/hashicorp/azurerm\"]",
      "instances": [
        {
          "index_key": "master",
          "schema_version": 0,
          "attributes": {
            "id": "/subscriptions/3e1584ec-3cfd-4271-b796-b35a74744b77/resourceGroups/azure-k8s/providers/Microsoft.Network/networkSecurityGroups/k8s-master-sec-group",
            "location": "westeurope",
            "name": "k8s-master-sec-group",
            "resource_group_name": "azure-k8s",
            "security_rule": [
              {
                "access": "Allow",
                "description": "",
                "destination_address_prefix": "*",
                "destination_address_prefixes": [],
                "destination_application_security_group_ids": [],
                "destination_port_range": "22",
                "destination_port_ranges": [],
                "direction": "Inbound",
                "name": "SSH",
                "priority": 1001,
                "protocol": "Tcp",
                "source_address_prefix": "*",
                "source_address_prefixes": [],
                "source_application_security_group_ids": [],
                "source_port_range": "*",
                "source_port_ranges": []
              }
            ],
            "tags": {
              "environment": "k8s-prod"
            },
            "timeouts": null
          },
          "sensitive_attributes": [],
          "private": "eyJlMmJmYjczMC1lY2FhLTExZTYtOGY4OC0zNDM2M2JjN2M0YzAiOnsiY3JlYXRlIjoxODAwMDAwMDAwMDAwLCJkZWxldGUiOjE4MDAwMDAwMDAwMDAsInJlYWQiOjMwMDAwMDAwMDAwMCwidXBkYXRlIjoxODAwMDAwMDAwMDAwfX0=",
          "dependencies": [
            "module.vms.azurerm_resource_group.k8s"
          ]
        },
        {
          "index_key": "nfs",
          "schema_version": 0,
          "attributes": {
            "id": "/subscriptions/3e1584ec-3cfd-4271-b796-b35a74744b77/resourceGroups/azure-k8s/providers/Microsoft.Network/networkSecurityGroups/k8s-nfs-sec-group",
            "location": "westeurope",
            "name": "k8s-nfs-sec-group",
            "resource_group_name": "azure-k8s",
            "security_rule": [
              {
                "access": "Allow",
                "description": "",
                "destination_address_prefix": "*",
                "destination_address_prefixes": [],
                "destination_application_security_group_ids": [],
                "destination_port_range": "22",
                "destination_port_ranges": [],
                "direction": "Inbound",
                "name": "SSH",
                "priority": 1001,
                "protocol": "Tcp",
                "source_address_prefix": "*",
                "source_address_prefixes": [],
                "source_application_security_group_ids": [],
                "source_port_range": "*",
                "source_port_ranges": []
              }
            ],
            "tags": {
              "environment": "k8s-prod"
            },
            "timeouts": null
          },
          "sensitive_attributes": [],
          "private": "eyJlMmJmYjczMC1lY2FhLTExZTYtOGY4OC0zNDM2M2JjN2M0YzAiOnsiY3JlYXRlIjoxODAwMDAwMDAwMDAwLCJkZWxldGUiOjE4MDAwMDAwMDAwMDAsInJlYWQiOjMwMDAwMDAwMDAwMCwidXBkYXRlIjoxODAwMDAwMDAwMDAwfX0=",
          "dependencies": [
            "module.vms.azurerm_resource_group.k8s"
          ]
        }
      ]
    },
    {
      "module": "module.vms",
      "mode": "managed",
      "type": "azurerm_public_ip",
      "name": "k8s_public_ip",
      "provider": "provider[\"registry.terraform.io/hashicorp/azurerm\"]",
      "instances": [
        {
          "index_key": "master",
          "schema_version": 0,
          "attributes": {
            "allocation_method": "Static",
            "domain_name_label": null,
            "fqdn": null,
            "id": "/subscriptions/3e1584ec-3cfd-4271-b796-b35a74744b77/resourceGroups/azure-k8s/providers/Microsoft.Network/publicIPAddresses/k8s-master-ip",
            "idle_timeout_in_minutes": 4,
            "ip_address": "20.71.140.57",
            "ip_version": "IPv4",
            "location": "westeurope",
            "name": "k8s-master-ip",
            "public_ip_prefix_id": null,
            "resource_group_name": "azure-k8s",
            "reverse_fqdn": null,
            "sku": "Basic",
            "tags": {
              "environment": "k8s-prod"
            },
            "timeouts": null,
            "zones": null
          },
          "sensitive_attributes": [],
          "private": "eyJlMmJmYjczMC1lY2FhLTExZTYtOGY4OC0zNDM2M2JjN2M0YzAiOnsiY3JlYXRlIjoxODAwMDAwMDAwMDAwLCJkZWxldGUiOjE4MDAwMDAwMDAwMDAsInJlYWQiOjMwMDAwMDAwMDAwMCwidXBkYXRlIjoxODAwMDAwMDAwMDAwfX0=",
          "dependencies": [
            "module.vms.azurerm_resource_group.k8s"
          ]
        },
        {
          "index_key": "nfs",
          "schema_version": 0,
          "attributes": {
            "allocation_method": "Static",
            "domain_name_label": null,
            "fqdn": null,
            "id": "/subscriptions/3e1584ec-3cfd-4271-b796-b35a74744b77/resourceGroups/azure-k8s/providers/Microsoft.Network/publicIPAddresses/k8s-nfs-ip",
            "idle_timeout_in_minutes": 4,
            "ip_address": "20.71.140.47",
            "ip_version": "IPv4",
            "location": "westeurope",
            "name": "k8s-nfs-ip",
            "public_ip_prefix_id": null,
            "resource_group_name": "azure-k8s",
            "reverse_fqdn": null,
            "sku": "Basic",
            "tags": {
              "environment": "k8s-prod"
            },
            "timeouts": null,
            "zones": null
          },
          "sensitive_attributes": [],
          "private": "eyJlMmJmYjczMC1lY2FhLTExZTYtOGY4OC0zNDM2M2JjN2M0YzAiOnsiY3JlYXRlIjoxODAwMDAwMDAwMDAwLCJkZWxldGUiOjE4MDAwMDAwMDAwMDAsInJlYWQiOjMwMDAwMDAwMDAwMCwidXBkYXRlIjoxODAwMDAwMDAwMDAwfX0=",
          "dependencies": [
            "module.vms.azurerm_resource_group.k8s"
          ]
        }
      ]
    },
    {
      "module": "module.vms",
      "mode": "managed",
      "type": "azurerm_resource_group",
      "name": "k8s",
      "provider": "provider[\"registry.terraform.io/hashicorp/azurerm\"]",
      "instances": [
        {
          "schema_version": 0,
          "attributes": {
            "id": "/subscriptions/3e1584ec-3cfd-4271-b796-b35a74744b77/resourceGroups/azure-k8s",
            "location": "westeurope",
            "name": "azure-k8s",
            "tags": null,
            "timeouts": null
          },
          "sensitive_attributes": [],
          "private": "eyJlMmJmYjczMC1lY2FhLTExZTYtOGY4OC0zNDM2M2JjN2M0YzAiOnsiY3JlYXRlIjo1NDAwMDAwMDAwMDAwLCJkZWxldGUiOjU0MDAwMDAwMDAwMDAsInJlYWQiOjMwMDAwMDAwMDAwMCwidXBkYXRlIjo1NDAwMDAwMDAwMDAwfX0="
        }
      ]
    },
    {
      "module": "module.vms",
      "mode": "managed",
      "type": "azurerm_storage_account",
      "name": "storage_account",
      "provider": "provider[\"registry.terraform.io/hashicorp/azurerm\"]",
      "instances": [
        {
          "schema_version": 2,
          "attributes": {
            "access_tier": "Hot",
            "account_kind": "StorageV2",
            "account_replication_type": "LRS",
            "account_tier": "Standard",
            "allow_blob_public_access": false,
            "blob_properties": [],
            "custom_domain": [],
            "enable_https_traffic_only": true,
            "id": "/subscriptions/3e1584ec-3cfd-4271-b796-b35a74744b77/resourceGroups/azure-k8s/providers/Microsoft.Storage/storageAccounts/k8sstgaccount",
            "identity": [],
            "is_hns_enabled": false,
            "large_file_share_enabled": null,
            "location": "westeurope",
            "min_tls_version": "TLS1_0",
            "name": "k8sstgaccount",
            "network_rules": [
              {
                "bypass": [
                  "AzureServices"
                ],
                "default_action": "Allow",
                "ip_rules": [],
                "virtual_network_subnet_ids": []
              }
            ],
            "primary_access_key": "CDN5W65+pbID95boXEXf1RXxGKtMpqZJ2X3Hvd3N3VzF9ZMBqXrua0GDfBYcOYGycdeUuktCq46/g+g1A7YO7A==",
            "primary_blob_connection_string": "DefaultEndpointsProtocol=https;BlobEndpoint=https://k8sstgaccount.blob.core.windows.net/;AccountName=k8sstgaccount;AccountKey=CDN5W65+pbID95boXEXf1RXxGKtMpqZJ2X3Hvd3N3VzF9ZMBqXrua0GDfBYcOYGycdeUuktCq46/g+g1A7YO7A==",
            "primary_blob_endpoint": "https://k8sstgaccount.blob.core.windows.net/",
            "primary_blob_host": "k8sstgaccount.blob.core.windows.net",
            "primary_connection_string": "DefaultEndpointsProtocol=https;AccountName=k8sstgaccount;AccountKey=CDN5W65+pbID95boXEXf1RXxGKtMpqZJ2X3Hvd3N3VzF9ZMBqXrua0GDfBYcOYGycdeUuktCq46/g+g1A7YO7A==;EndpointSuffix=core.windows.net",
            "primary_dfs_endpoint": "https://k8sstgaccount.dfs.core.windows.net/",
            "primary_dfs_host": "k8sstgaccount.dfs.core.windows.net",
            "primary_file_endpoint": "https://k8sstgaccount.file.core.windows.net/",
            "primary_file_host": "k8sstgaccount.file.core.windows.net",
            "primary_location": "westeurope",
            "primary_queue_endpoint": "https://k8sstgaccount.queue.core.windows.net/",
            "primary_queue_host": "k8sstgaccount.queue.core.windows.net",
            "primary_table_endpoint": "https://k8sstgaccount.table.core.windows.net/",
            "primary_table_host": "k8sstgaccount.table.core.windows.net",
            "primary_web_endpoint": "https://k8sstgaccount.z6.web.core.windows.net/",
            "primary_web_host": "k8sstgaccount.z6.web.core.windows.net",
            "queue_properties": [
              {
                "cors_rule": [],
                "hour_metrics": [
                  {
                    "enabled": true,
                    "include_apis": true,
                    "retention_policy_days": 7,
                    "version": "1.0"
                  }
                ],
                "logging": [
                  {
                    "delete": false,
                    "read": false,
                    "retention_policy_days": 0,
                    "version": "1.0",
                    "write": false
                  }
                ],
                "minute_metrics": [
                  {
                    "enabled": false,
                    "include_apis": false,
                    "retention_policy_days": 0,
                    "version": "1.0"
                  }
                ]
              }
            ],
            "resource_group_name": "azure-k8s",
            "secondary_access_key": "f98wLLDp2IyrAuaxLSmBQtKV8w71RCBeRZoI+WUer3Y7z4GSqFHPfY8x4V+SkcuvBXch07e26ep7YGislTA7+w==",
            "secondary_blob_connection_string": "",
            "secondary_blob_endpoint": null,
            "secondary_blob_host": null,
            "secondary_connection_string": "DefaultEndpointsProtocol=https;AccountName=k8sstgaccount;AccountKey=f98wLLDp2IyrAuaxLSmBQtKV8w71RCBeRZoI+WUer3Y7z4GSqFHPfY8x4V+SkcuvBXch07e26ep7YGislTA7+w==;EndpointSuffix=core.windows.net",
            "secondary_dfs_endpoint": null,
            "secondary_dfs_host": null,
            "secondary_file_endpoint": null,
            "secondary_file_host": null,
            "secondary_location": "",
            "secondary_queue_endpoint": null,
            "secondary_queue_host": null,
            "secondary_table_endpoint": null,
            "secondary_table_host": null,
            "secondary_web_endpoint": null,
            "secondary_web_host": null,
            "static_website": [],
            "tags": {
              "environment": "k8s-prod"
            },
            "timeouts": null
          },
          "sensitive_attributes": [],
          "private": "eyJlMmJmYjczMC1lY2FhLTExZTYtOGY4OC0zNDM2M2JjN2M0YzAiOnsiY3JlYXRlIjozNjAwMDAwMDAwMDAwLCJkZWxldGUiOjM2MDAwMDAwMDAwMDAsInJlYWQiOjMwMDAwMDAwMDAwMCwidXBkYXRlIjozNjAwMDAwMDAwMDAwfSwic2NoZW1hX3ZlcnNpb24iOiIyIn0=",
          "dependencies": [
            "module.vms.azurerm_resource_group.k8s"
          ]
        }
      ]
    },
    {
      "module": "module.vms",
      "mode": "managed",
      "type": "azurerm_subnet",
      "name": "k8s_subnet",
      "provider": "provider[\"registry.terraform.io/hashicorp/azurerm\"]",
      "instances": [
        {
          "schema_version": 0,
          "attributes": {
            "address_prefix": "10.0.1.0/24",
            "address_prefixes": [
              "10.0.1.0/24"
            ],
            "delegation": [],
            "enforce_private_link_endpoint_network_policies": false,
            "enforce_private_link_service_network_policies": false,
            "id": "/subscriptions/3e1584ec-3cfd-4271-b796-b35a74744b77/resourceGroups/azure-k8s/providers/Microsoft.Network/virtualNetworks/k8s-net/subnets/k8s-subnet",
            "name": "k8s-subnet",
            "resource_group_name": "azure-k8s",
            "service_endpoint_policy_ids": null,
            "service_endpoints": null,
            "timeouts": null,
            "virtual_network_name": "k8s-net"
          },
          "sensitive_attributes": [],
          "private": "eyJlMmJmYjczMC1lY2FhLTExZTYtOGY4OC0zNDM2M2JjN2M0YzAiOnsiY3JlYXRlIjoxODAwMDAwMDAwMDAwLCJkZWxldGUiOjE4MDAwMDAwMDAwMDAsInJlYWQiOjMwMDAwMDAwMDAwMCwidXBkYXRlIjoxODAwMDAwMDAwMDAwfX0=",
          "dependencies": [
            "module.vms.azurerm_resource_group.k8s",
            "module.vms.azurerm_virtual_network.k8s_net"
          ]
        }
      ]
    },
    {
      "module": "module.vms",
      "mode": "managed",
      "type": "azurerm_virtual_network",
      "name": "k8s_net",
      "provider": "provider[\"registry.terraform.io/hashicorp/azurerm\"]",
      "instances": [
        {
          "schema_version": 0,
          "attributes": {
            "address_space": [
              "10.0.0.0/16"
            ],
            "bgp_community": "",
            "ddos_protection_plan": [],
            "dns_servers": null,
            "guid": "cb461bbc-072d-450a-95ee-ee3be9d28b37",
            "id": "/subscriptions/3e1584ec-3cfd-4271-b796-b35a74744b77/resourceGroups/azure-k8s/providers/Microsoft.Network/virtualNetworks/k8s-net",
            "location": "westeurope",
            "name": "k8s-net",
            "resource_group_name": "azure-k8s",
            "subnet": [],
            "tags": {
              "environment": "k8s-prod"
            },
            "timeouts": null,
            "vm_protection_enabled": false
          },
          "sensitive_attributes": [],
          "private": "eyJlMmJmYjczMC1lY2FhLTExZTYtOGY4OC0zNDM2M2JjN2M0YzAiOnsiY3JlYXRlIjoxODAwMDAwMDAwMDAwLCJkZWxldGUiOjE4MDAwMDAwMDAwMDAsInJlYWQiOjMwMDAwMDAwMDAwMCwidXBkYXRlIjoxODAwMDAwMDAwMDAwfX0=",
          "dependencies": [
            "module.vms.azurerm_resource_group.k8s"
          ]
        }
      ]
    }
  ]
}
